
Microsoft Visual Studio Solution File, Format Version 12.00
# Visual Studio Version 17
VisualStudioVersion = 17.0.31612.314
MinimumVisualStudioVersion = 10.0.40219.1
Project("{2150E333-8FDC-42A3-9474-1A3956D46DE8}") = "Source", "Source", "{719809C2-A551-4C4A-9EFD-B10FB5E35BC0}"
	ProjectSection(SolutionItems) = preProject
		Source\.editorconfig = Source\.editorconfig
		Source\Directory.Build.props = Source\Directory.Build.props
	EndProjectSection
EndProject
Project("{2150E333-8FDC-42A3-9474-1A3956D46DE8}") = "Solution Items", "Solution Items", "{F20E2797-D1E3-4321-91BB-FAE54954D2A0}"
	ProjectSection(SolutionItems) = preProject
		.editorconfig = .editorconfig
		.gitattributes = .gitattributes
		.gitignore = .gitignore
		appveyor.yml = appveyor.yml
		azure-pipelines.yml = azure-pipelines.yml
		build.cake = build.cake
		Directory.Build.props = Directory.Build.props
		Directory.Build.targets = Directory.Build.targets
		dotnet-tools.json = dotnet-tools.json
		global.json = global.json
		Key.snk = Key.snk
	EndProjectSection
EndProject
Project("{9A19103F-16F7-4668-BE54-9A1E7A4F7556}") = "Schema.NET", "Source\Schema.NET\Schema.NET.csproj", "{266BBA60-25FD-4C1B-BD99-9DCFA1B57130}"
EndProject
Project("{2150E333-8FDC-42A3-9474-1A3956D46DE8}") = "Documentation", "Documentation", "{7EDFA103-DB69-4C88-9DE4-97ADBF8253A1}"
	ProjectSection(SolutionItems) = preProject
		LICENSE.md = LICENSE.md
		README.md = README.md
	EndProjectSection
EndProject
Project("{2150E333-8FDC-42A3-9474-1A3956D46DE8}") = "Tests", "Tests", "{E1B24F25-B8A4-46EE-B7EB-7803DCFC543F}"
	ProjectSection(SolutionItems) = preProject
		Tests\.editorconfig = Tests\.editorconfig
		Tests\Directory.Build.props = Tests\Directory.Build.props
	EndProjectSection
EndProject
Project("{9A19103F-16F7-4668-BE54-9A1E7A4F7556}") = "Schema.NET.Test", "Tests\Schema.NET.Test\Schema.NET.Test.csproj", "{3E75002C-0EF2-4F04-8EC6-CED90BA27AD1}"
EndProject
Project("{2150E333-8FDC-42A3-9474-1A3956D46DE8}") = "Images", "Images", "{26F71F5B-2940-4FB0-9681-A76060CBCEF9}"
	ProjectSection(SolutionItems) = preProject
		Images\Banner.png = Images\Banner.png
		Images\Google Logo Structured Data Example.png = Images\Google Logo Structured Data Example.png
		Images\Hero.png = Images\Hero.png
		Images\Icon.png = Images\Icon.png
	EndProjectSection
EndProject
Project("{2150E333-8FDC-42A3-9474-1A3956D46DE8}") = "Issue Templates", "Issue Templates", "{566DF0E2-1288-4083-9B55-4C8B69BB1432}"
	ProjectSection(SolutionItems) = preProject
		.github\ISSUE_TEMPLATE\BUG_REPORT.yml = .github\ISSUE_TEMPLATE\BUG_REPORT.yml
		.github\ISSUE_TEMPLATE\FEATURE_REQUEST.yml = .github\ISSUE_TEMPLATE\FEATURE_REQUEST.yml
	EndProjectSection
EndProject
Project("{2150E333-8FDC-42A3-9474-1A3956D46DE8}") = ".github", ".github", "{0555C737-CE4B-4C78-87AB-6296E1E32D01}"
	ProjectSection(SolutionItems) = preProject
		.github\CODE_OF_CONDUCT.md = .github\CODE_OF_CONDUCT.md
		.github\CONTRIBUTING.md = .github\CONTRIBUTING.md
		.github\FUNDING.yml = .github\FUNDING.yml
		.github\PULL_REQUEST_TEMPLATE.md = .github\PULL_REQUEST_TEMPLATE.md
		.github\SECURITY.md = .github\SECURITY.md
	EndProjectSection
EndProject
Project("{2150E333-8FDC-42A3-9474-1A3956D46DE8}") = "Benchmarks", "Benchmarks", "{E25F6292-80CE-45FE-97B0-0EBBF8E1FC6A}"
	ProjectSection(SolutionItems) = preProject
		Benchmarks\.editorconfig = Benchmarks\.editorconfig
	EndProjectSection
EndProject
Project("{9A19103F-16F7-4668-BE54-9A1E7A4F7556}") = "Schema.NET.Benchmarks", "Benchmarks\Schema.NET.Benchmarks\Schema.NET.Benchmarks.csproj", "{EA1CBFC3-F165-4811-AA9F-157DEB8E31CC}"
EndProject
Project("{2150E333-8FDC-42A3-9474-1A3956D46DE8}") = "Tools", "Tools", "{1D81D082-9C25-4D4E-890E-9CD173532307}"
	ProjectSection(SolutionItems) = preProject
		Tools\.editorconfig = Tools\.editorconfig
	EndProjectSection
EndProject
Project("{9A19103F-16F7-4668-BE54-9A1E7A4F7556}") = "Schema.NET.Tool", "Tools\Schema.NET.Tool\Schema.NET.Tool.csproj", "{379FE111-579B-4A3A-9E49-40D8E2904883}"
EndProject
Project("{2150E333-8FDC-42A3-9474-1A3956D46DE8}") = ".github", ".github", "{040F8F6D-9144-42FD-9B0D-7F88EF0C26C5}"
	ProjectSection(SolutionItems) = preProject
		.github\release-drafter.yml = .github\release-drafter.yml
	EndProjectSection
EndProject
Project("{2150E333-8FDC-42A3-9474-1A3956D46DE8}") = "workflows", "workflows", "{9444439E-8476-4BAB-AE1E-DBC24B58865F}"
	ProjectSection(SolutionItems) = preProject
		.github\workflows\build.yml = .github\workflows\build.yml
		.github\workflows\codeql-analysis.yml = .github\workflows\codeql-analysis.yml
		.github\workflows\release-drafter.yml = .github\workflows\release-drafter.yml
	EndProjectSection
EndProject
Project("{9A19103F-16F7-4668-BE54-9A1E7A4F7556}") = "Schema.NET.Pending", "Source\Schema.NET.Pending\Schema.NET.Pending.csproj", "{4EDF33FF-4532-4328-A158-D026C66537BA}"
EndProject
Project("{2150E333-8FDC-42A3-9474-1A3956D46DE8}") = "Common", "Common", "{AF228B8A-7290-4E26-8506-934C290C6AE3}"
	ProjectSection(SolutionItems) = preProject
		Source\Common\Constants.cs = Source\Common\Constants.cs
		Source\Common\ContactType.cs = Source\Common\ContactType.cs
		Source\Common\ContextJsonConverter.cs = Source\Common\ContextJsonConverter.cs
		Source\Common\DateTimeHelper.cs = Source\Common\DateTimeHelper.cs
		Source\Common\DateTimeToIso8601DateValuesJsonConverter.cs = Source\Common\DateTimeToIso8601DateValuesJsonConverter.cs
		Source\Common\EnumHelper.cs = Source\Common\EnumHelper.cs
		Source\Common\FastActivator.cs = Source\Common\FastActivator.cs
		Source\Common\HashCode.cs = Source\Common\HashCode.cs
		Source\Common\IValues.cs = Source\Common\IValues.cs
		Source\Common\JsonLdContext.cs = Source\Common\JsonLdContext.cs
		Source\Common\JsonLdObject.cs = Source\Common\JsonLdObject.cs
		Source\Common\OneOrMany{T}.cs = Source\Common\OneOrMany{T}.cs
		Source\Common\PropertyValueSpecification.Partial.cs = Source\Common\PropertyValueSpecification.Partial.cs
		Source\Common\SchemaEnumJsonConverter{T}.cs = Source\Common\SchemaEnumJsonConverter{T}.cs
		Source\Common\SchemaSerializer.cs = Source\Common\SchemaSerializer.cs
		Source\Common\Thing.Partial.cs = Source\Common\Thing.Partial.cs
		Source\Common\TimeSpanToISO8601DurationValuesJsonConverter.cs = Source\Common\TimeSpanToISO8601DurationValuesJsonConverter.cs
		Source\Common\TypeExtensions.cs = Source\Common\TypeExtensions.cs
		Source\Common\ValuesJsonConverter.cs = Source\Common\ValuesJsonConverter.cs
		Source\Common\Values{T1,T2,T3,T4,T5,T6,T7}.cs = Source\Common\Values{T1,T2,T3,T4,T5,T6,T7}.cs
		Source\Common\Values{T1,T2,T3,T4,T5,T6}.cs = Source\Common\Values{T1,T2,T3,T4,T5,T6}.cs
		Source\Common\Values{T1,T2,T3,T4}.cs = Source\Common\Values{T1,T2,T3,T4}.cs
		Source\Common\Values{T1,T2,T3}.cs = Source\Common\Values{T1,T2,T3}.cs
		Source\Common\Values{T1,T2}.cs = Source\Common\Values{T1,T2}.cs
	EndProjectSection
EndProject
Project("{9A19103F-16F7-4668-BE54-9A1E7A4F7556}") = "Schema.NET.Updater", "Tools\Schema.NET.Updater\Schema.NET.Updater.csproj", "{8923F9E2-4BB8-45F9-9A85-863F381B46EE}"
EndProject
Project("{2150E333-8FDC-42A3-9474-1A3956D46DE8}") = "Data", "Data", "{A208CE34-D2DF-4BD2-B6CF-3047883BC820}"
	ProjectSection(SolutionItems) = preProject
		Data\schemaorg-all-https.jsonld = Data\schemaorg-all-https.jsonld
	EndProjectSection
EndProject
Global
	GlobalSection(SolutionConfigurationPlatforms) = preSolution
		Debug|Any CPU = Debug|Any CPU
		Release|Any CPU = Release|Any CPU
	EndGlobalSection
	GlobalSection(ProjectConfigurationPlatforms) = postSolution
		{266BBA60-25FD-4C1B-BD99-9DCFA1B57130}.Debug|Any CPU.ActiveCfg = Debug|Any CPU
		{266BBA60-25FD-4C1B-BD99-9DCFA1B57130}.Debug|Any CPU.Build.0 = Debug|Any CPU
		{266BBA60-25FD-4C1B-BD99-9DCFA1B57130}.Release|Any CPU.ActiveCfg = Release|Any CPU
		{266BBA60-25FD-4C1B-BD99-9DCFA1B57130}.Release|Any CPU.Build.0 = Release|Any CPU
		{3E75002C-0EF2-4F04-8EC6-CED90BA27AD1}.Debug|Any CPU.ActiveCfg = Debug|Any CPU
		{3E75002C-0EF2-4F04-8EC6-CED90BA27AD1}.Debug|Any CPU.Build.0 = Debug|Any CPU
		{3E75002C-0EF2-4F04-8EC6-CED90BA27AD1}.Release|Any CPU.ActiveCfg = Release|Any CPU
		{3E75002C-0EF2-4F04-8EC6-CED90BA27AD1}.Release|Any CPU.Build.0 = Release|Any CPU
		{EA1CBFC3-F165-4811-AA9F-157DEB8E31CC}.Debug|Any CPU.ActiveCfg = Debug|Any CPU
		{EA1CBFC3-F165-4811-AA9F-157DEB8E31CC}.Debug|Any CPU.Build.0 = Debug|Any CPU
		{EA1CBFC3-F165-4811-AA9F-157DEB8E31CC}.Release|Any CPU.ActiveCfg = Release|Any CPU
		{EA1CBFC3-F165-4811-AA9F-157DEB8E31CC}.Release|Any CPU.Build.0 = Release|Any CPU
		{379FE111-579B-4A3A-9E49-40D8E2904883}.Debug|Any CPU.ActiveCfg = Debug|Any CPU
		{379FE111-579B-4A3A-9E49-40D8E2904883}.Debug|Any CPU.Build.0 = Debug|Any CPU
		{379FE111-579B-4A3A-9E49-40D8E2904883}.Release|Any CPU.ActiveCfg = Release|Any CPU
		{379FE111-579B-4A3A-9E49-40D8E2904883}.Release|Any CPU.Build.0 = Release|Any CPU
		{4EDF33FF-4532-4328-A158-D026C66537BA}.Debug|Any CPU.ActiveCfg = Debug|Any CPU
		{4EDF33FF-4532-4328-A158-D026C66537BA}.Debug|Any CPU.Build.0 = Debug|Any CPU
		{4EDF33FF-4532-4328-A158-D026C66537BA}.Release|Any CPU.ActiveCfg = Release|Any CPU
		{4EDF33FF-4532-4328-A158-D026C66537BA}.Release|Any CPU.Build.0 = Release|Any CPU
		{8923F9E2-4BB8-45F9-9A85-863F381B46EE}.Debug|Any CPU.ActiveCfg = Debug|Any CPU
		{8923F9E2-4BB8-45F9-9A85-863F381B46EE}.Debug|Any CPU.Build.0 = Debug|Any CPU
		{8923F9E2-4BB8-45F9-9A85-863F381B46EE}.Release|Any CPU.ActiveCfg = Release|Any CPU
		{8923F9E2-4BB8-45F9-9A85-863F381B46EE}.Release|Any CPU.Build.0 = Release|Any CPU
	EndGlobalSection
	GlobalSection(SolutionProperties) = preSolution
		HideSolutionNode = FALSE
	EndGlobalSection
	GlobalSection(NestedProjects) = preSolution
		{266BBA60-25FD-4C1B-BD99-9DCFA1B57130} = {719809C2-A551-4C4A-9EFD-B10FB5E35BC0}
		{3E75002C-0EF2-4F04-8EC6-CED90BA27AD1} = {E1B24F25-B8A4-46EE-B7EB-7803DCFC543F}
		{566DF0E2-1288-4083-9B55-4C8B69BB1432} = {0555C737-CE4B-4C78-87AB-6296E1E32D01}
		{0555C737-CE4B-4C78-87AB-6296E1E32D01} = {7EDFA103-DB69-4C88-9DE4-97ADBF8253A1}
		{EA1CBFC3-F165-4811-AA9F-157DEB8E31CC} = {E25F6292-80CE-45FE-97B0-0EBBF8E1FC6A}
		{379FE111-579B-4A3A-9E49-40D8E2904883} = {1D81D082-9C25-4D4E-890E-9CD173532307}
		{040F8F6D-9144-42FD-9B0D-7F88EF0C26C5} = {F20E2797-D1E3-4321-91BB-FAE54954D2A0}
		{9444439E-8476-4BAB-AE1E-DBC24B58865F} = {040F8F6D-9144-42FD-9B0D-7F88EF0C26C5}
		{4EDF33FF-4532-4328-A158-D026C66537BA} = {719809C2-A551-4C4A-9EFD-B10FB5E35BC0}
		{AF228B8A-7290-4E26-8506-934C290C6AE3} = {719809C2-A551-4C4A-9EFD-B10FB5E35BC0}
		{8923F9E2-4BB8-45F9-9A85-863F381B46EE} = {1D81D082-9C25-4D4E-890E-9CD173532307}
	EndGlobalSection
	GlobalSection(ExtensibilityGlobals) = postSolution
		SolutionGuid = {73F36209-F8D6-4066-8951-D97729F773CF}
	EndGlobalSection
EndGlobal
