
Microsoft Visual Studio Solution File, Format Version 12.00
# Visual Studio Version 16
VisualStudioVersion = 16.0.28803.352
MinimumVisualStudioVersion = 10.0.40219.1
Project("{2150E333-8FDC-42A3-9474-1A3956D46DE8}") = "Source", "Source", "{719809C2-A551-4C4A-9EFD-B10FB5E35BC0}"
EndProject
Project("{2150E333-8FDC-42A3-9474-1A3956D46DE8}") = "Solution Items", "Solution Items", "{F20E2797-D1E3-4321-91BB-FAE54954D2A0}"
	ProjectSection(SolutionItems) = preProject
		.editorconfig = .editorconfig
		.gitignore = .gitignore
		.travis.yml = .travis.yml
		appveyor.yml = appveyor.yml
		azure-pipelines.yml = azure-pipelines.yml
		build.cake = build.cake
		Key.snk = Key.snk
		MinimumRecommendedRulesWithStyleCop.ruleset = MinimumRecommendedRulesWithStyleCop.ruleset
	EndProjectSection
EndProject
Project("{9A19103F-16F7-4668-BE54-9A1E7A4F7556}") = "Schema.NET.Tool", "Source\Schema.NET.Tool\Schema.NET.Tool.csproj", "{3CED3D1A-AB36-4B39-86DC-910BF8237DE9}"
EndProject
Project("{9A19103F-16F7-4668-BE54-9A1E7A4F7556}") = "Schema.NET", "Source\Schema.NET\Schema.NET.csproj", "{266BBA60-25FD-4C1B-BD99-9DCFA1B57130}"
EndProject
Project("{2150E333-8FDC-42A3-9474-1A3956D46DE8}") = "Documentation", "Documentation", "{7EDFA103-DB69-4C88-9DE4-97ADBF8253A1}"
	ProjectSection(SolutionItems) = preProject
		CONTRIBUTING.md = CONTRIBUTING.md
		LICENSE = LICENSE
		README.md = README.md
	EndProjectSection
EndProject
Project("{2150E333-8FDC-42A3-9474-1A3956D46DE8}") = "Tests", "Tests", "{E1B24F25-B8A4-46EE-B7EB-7803DCFC543F}"
EndProject
Project("{9A19103F-16F7-4668-BE54-9A1E7A4F7556}") = "Schema.NET.Test", "Tests\Schema.NET.Test\Schema.NET.Test.csproj", "{3E75002C-0EF2-4F04-8EC6-CED90BA27AD1}"
EndProject
Project("{2150E333-8FDC-42A3-9474-1A3956D46DE8}") = "Images", "Images", "{26F71F5B-2940-4FB0-9681-A76060CBCEF9}"
	ProjectSection(SolutionItems) = preProject
		Images\Banner.png = Images\Banner.png
		Images\Google Logo Structured Data Example.png = Images\Google Logo Structured Data Example.png
		Images\Icon.png = Images\Icon.png
	EndProjectSection
EndProject
Global
	GlobalSection(SolutionConfigurationPlatforms) = preSolution
		Debug|Any CPU = Debug|Any CPU
		Release|Any CPU = Release|Any CPU
	EndGlobalSection
	GlobalSection(ProjectConfigurationPlatforms) = postSolution
		{3CED3D1A-AB36-4B39-86DC-910BF8237DE9}.Debug|Any CPU.ActiveCfg = Debug|Any CPU
		{3CED3D1A-AB36-4B39-86DC-910BF8237DE9}.Debug|Any CPU.Build.0 = Debug|Any CPU
		{3CED3D1A-AB36-4B39-86DC-910BF8237DE9}.Release|Any CPU.ActiveCfg = Release|Any CPU
		{3CED3D1A-AB36-4B39-86DC-910BF8237DE9}.Release|Any CPU.Build.0 = Release|Any CPU
		{266BBA60-25FD-4C1B-BD99-9DCFA1B57130}.Debug|Any CPU.ActiveCfg = Debug|Any CPU
		{266BBA60-25FD-4C1B-BD99-9DCFA1B57130}.Debug|Any CPU.Build.0 = Debug|Any CPU
		{266BBA60-25FD-4C1B-BD99-9DCFA1B57130}.Release|Any CPU.ActiveCfg = Release|Any CPU
		{266BBA60-25FD-4C1B-BD99-9DCFA1B57130}.Release|Any CPU.Build.0 = Release|Any CPU
		{3E75002C-0EF2-4F04-8EC6-CED90BA27AD1}.Debug|Any CPU.ActiveCfg = Debug|Any CPU
		{3E75002C-0EF2-4F04-8EC6-CED90BA27AD1}.Debug|Any CPU.Build.0 = Debug|Any CPU
		{3E75002C-0EF2-4F04-8EC6-CED90BA27AD1}.Release|Any CPU.ActiveCfg = Release|Any CPU
		{3E75002C-0EF2-4F04-8EC6-CED90BA27AD1}.Release|Any CPU.Build.0 = Release|Any CPU
	EndGlobalSection
	GlobalSection(SolutionProperties) = preSolution
		HideSolutionNode = FALSE
	EndGlobalSection
	GlobalSection(NestedProjects) = preSolution
		{3CED3D1A-AB36-4B39-86DC-910BF8237DE9} = {719809C2-A551-4C4A-9EFD-B10FB5E35BC0}
		{266BBA60-25FD-4C1B-BD99-9DCFA1B57130} = {719809C2-A551-4C4A-9EFD-B10FB5E35BC0}
		{3E75002C-0EF2-4F04-8EC6-CED90BA27AD1} = {E1B24F25-B8A4-46EE-B7EB-7803DCFC543F}
	EndGlobalSection
	GlobalSection(ExtensibilityGlobals) = postSolution
		SolutionGuid = {73F36209-F8D6-4066-8951-D97729F773CF}
	EndGlobalSection
EndGlobal
