{
  "version": 1,
  "dependencies": {
    ".NETFramework,Version=v4.6.1": {
      "Microsoft.CodeAnalysis.FxCopAnalyzers": {
        "type": "Direct",
        "requested": "[2.9.7, )",
        "resolved": "2.9.7",
        "contentHash": "/WbA9NXJmd7LW4ERe1v9YVRlpp0nnEMV5ne0ydnKT3/RMLzTt9AZjghuL6u3eSclyhcSI/mW/B4uPv2cAr4PXg==",
        "dependencies": {
          "Microsoft.CodeAnalysis.VersionCheckAnalyzer": "[2.9.7]",
          "Microsoft.CodeQuality.Analyzers": "[2.9.7]",
          "Microsoft.NetCore.Analyzers": "[2.9.7]",
          "Microsoft.NetFramework.Analyzers": "[2.9.7]"
        }
      },
      "Microsoft.NETFramework.ReferenceAssemblies": {
        "type": "Direct",
        "requested": "[1.0.0-preview.2, )",
        "resolved": "1.0.0-preview.2",
        "contentHash": "m+pJPEO7HyXvrOna5Sr3s77ewXonjYWJTNL6drh8xACnMNxnlqUDKx9HfGeSE9wmfY0lQwppaeZpFTPGaH7kZg==",
        "dependencies": {
          "Microsoft.NETFramework.ReferenceAssemblies.net461": "1.0.0-preview.2"
        }
      },
      "Microsoft.SourceLink.GitHub": {
        "type": "Direct",
        "requested": "[1.0.0-beta2-19554-01, )",
        "resolved": "1.0.0-beta2-19554-01",
        "contentHash": "Xb6QINuKuOR4mWOpr7l/jocY/nk3Q88lZ3uYTQhzZvhVDEJ63dDJtVP2SFLXKvwzm1fHTQloDqSbn+0tj+x9jw==",
        "dependencies": {
          "Microsoft.Build.Tasks.Git": "1.0.0-beta2-19554-01",
          "Microsoft.SourceLink.Common": "1.0.0-beta2-19554-01"
        }
      },
      "Microsoft.VisualStudio.Threading.Analyzers": {
        "type": "Direct",
        "requested": "[16.4.16, )",
        "resolved": "16.4.16",
        "contentHash": "wtZd8BucYNTFmtPutPkstJ+v1CRIrzyBPCLzGPqGsYBnNFfwxdtnZoeK/uBq4Pg0e0uvLYNWgoZsED0/5keHsQ=="
      },
      "Newtonsoft.Json": {
        "type": "Direct",
        "requested": "[12.0.2, )",
        "resolved": "12.0.2",
        "contentHash": "rTK0s2EKlfHsQsH6Yx2smvcTCeyoDNgCW7FEYyV01drPlh2T243PR2DiDXqtC5N4GDm4Ma/lkxfW5a/4793vbA=="
      },
      "StyleCop.Analyzers": {
        "type": "Direct",
        "requested": "[1.1.118, )",
        "resolved": "1.1.118",
        "contentHash": "Onx6ovGSqXSK07n/0eM3ZusiNdB6cIlJdabQhWGgJp3Vooy9AaLS/tigeybOJAobqbtggTamoWndz72JscZBvw=="
      },
      "Microsoft.Build.Tasks.Git": {
        "type": "Transitive",
        "resolved": "1.0.0-beta2-19554-01",
        "contentHash": "v263i3YSvtCGfm0LiOHOUCSZlMNvwP7S1Wo2bQN3T/7jHqqttjnCKHDoJDUu2iyfL8A9FrPRhTyhxOXe2m8PYQ=="
      },
      "Microsoft.CodeAnalysis.VersionCheckAnalyzer": {
        "type": "Transitive",
        "resolved": "2.9.7",
        "contentHash": "ePzHjOnn2EJCYubovr+lVPfkOx7yXjF9pNzE2TSZgAAC4zE4fNAL2HU/f+AoJWP0oQH1hohkApwfZPS+I82ynQ=="
      },
      "Microsoft.CodeQuality.Analyzers": {
        "type": "Transitive",
        "resolved": "2.9.7",
        "contentHash": "gl+jYeGvFxET/FUL/gNMKMxb3/p3NKUofBpGS+wYna8Jphbm2Tx6DDZaqPcpcNpabZKzPAvezzmtW7EILTbZtA=="
      },
      "Microsoft.NetCore.Analyzers": {
        "type": "Transitive",
        "resolved": "2.9.7",
        "contentHash": "NYQOi5n+36rVuh+Yh6UabkzH5lNaji+OIArnzbY1jUp+u2CL9A7DatJGrh7u/VOZJICVFR3UgVKobm0CLbIcRg=="
      },
      "Microsoft.NetFramework.Analyzers": {
        "type": "Transitive",
        "resolved": "2.9.7",
        "contentHash": "sC+Vt/m60axfe0jr8K3iXMXSwNhCp8jMJyn8gRMo9HDg2Nr7PpVGcNxqIt1rRbRiE6Lwqp8lo8AlFekHxvUCOg=="
      },
      "Microsoft.NETFramework.ReferenceAssemblies.net461": {
        "type": "Transitive",
        "resolved": "1.0.0-preview.2",
        "contentHash": "59D9ISjzCpfHG41r5x4BNZNNOCmE2o5YX8vcdOwsqfxOA0+6vQnxZrYq8KtthUU2JSvC13g941rSr5GRaNQOJg=="
      },
      "Microsoft.SourceLink.Common": {
        "type": "Transitive",
        "resolved": "1.0.0-beta2-19554-01",
        "contentHash": "3UPzCA83snmVmWdrTfE9WctN7zSB+jPf5OVatYCjD4bpjOO4rLVkpTLrDKbXJsmk/uHC24YFX1XRw24u9DgTTA=="
      }
    },
    ".NETFramework,Version=v4.7.2": {
      "Microsoft.CodeAnalysis.FxCopAnalyzers": {
        "type": "Direct",
        "requested": "[2.9.7, )",
        "resolved": "2.9.7",
        "contentHash": "/WbA9NXJmd7LW4ERe1v9YVRlpp0nnEMV5ne0ydnKT3/RMLzTt9AZjghuL6u3eSclyhcSI/mW/B4uPv2cAr4PXg==",
        "dependencies": {
          "Microsoft.CodeAnalysis.VersionCheckAnalyzer": "[2.9.7]",
          "Microsoft.CodeQuality.Analyzers": "[2.9.7]",
          "Microsoft.NetCore.Analyzers": "[2.9.7]",
          "Microsoft.NetFramework.Analyzers": "[2.9.7]"
        }
      },
      "Microsoft.NETFramework.ReferenceAssemblies": {
        "type": "Direct",
        "requested": "[1.0.0-preview.2, )",
        "resolved": "1.0.0-preview.2",
        "contentHash": "m+pJPEO7HyXvrOna5Sr3s77ewXonjYWJTNL6drh8xACnMNxnlqUDKx9HfGeSE9wmfY0lQwppaeZpFTPGaH7kZg==",
        "dependencies": {
          "Microsoft.NETFramework.ReferenceAssemblies.net472": "1.0.0-preview.2"
        }
      },
      "Microsoft.SourceLink.GitHub": {
        "type": "Direct",
        "requested": "[1.0.0-beta2-19554-01, )",
        "resolved": "1.0.0-beta2-19554-01",
        "contentHash": "Xb6QINuKuOR4mWOpr7l/jocY/nk3Q88lZ3uYTQhzZvhVDEJ63dDJtVP2SFLXKvwzm1fHTQloDqSbn+0tj+x9jw==",
        "dependencies": {
          "Microsoft.Build.Tasks.Git": "1.0.0-beta2-19554-01",
          "Microsoft.SourceLink.Common": "1.0.0-beta2-19554-01"
        }
      },
      "Microsoft.VisualStudio.Threading.Analyzers": {
        "type": "Direct",
        "requested": "[16.4.16, )",
        "resolved": "16.4.16",
        "contentHash": "wtZd8BucYNTFmtPutPkstJ+v1CRIrzyBPCLzGPqGsYBnNFfwxdtnZoeK/uBq4Pg0e0uvLYNWgoZsED0/5keHsQ=="
      },
      "Newtonsoft.Json": {
        "type": "Direct",
        "requested": "[12.0.2, )",
        "resolved": "12.0.2",
        "contentHash": "rTK0s2EKlfHsQsH6Yx2smvcTCeyoDNgCW7FEYyV01drPlh2T243PR2DiDXqtC5N4GDm4Ma/lkxfW5a/4793vbA=="
      },
      "StyleCop.Analyzers": {
        "type": "Direct",
        "requested": "[1.1.118, )",
        "resolved": "1.1.118",
        "contentHash": "Onx6ovGSqXSK07n/0eM3ZusiNdB6cIlJdabQhWGgJp3Vooy9AaLS/tigeybOJAobqbtggTamoWndz72JscZBvw=="
      },
      "Microsoft.Build.Tasks.Git": {
        "type": "Transitive",
        "resolved": "1.0.0-beta2-19554-01",
        "contentHash": "v263i3YSvtCGfm0LiOHOUCSZlMNvwP7S1Wo2bQN3T/7jHqqttjnCKHDoJDUu2iyfL8A9FrPRhTyhxOXe2m8PYQ=="
      },
      "Microsoft.CodeAnalysis.VersionCheckAnalyzer": {
        "type": "Transitive",
        "resolved": "2.9.7",
        "contentHash": "ePzHjOnn2EJCYubovr+lVPfkOx7yXjF9pNzE2TSZgAAC4zE4fNAL2HU/f+AoJWP0oQH1hohkApwfZPS+I82ynQ=="
      },
      "Microsoft.CodeQuality.Analyzers": {
        "type": "Transitive",
        "resolved": "2.9.7",
        "contentHash": "gl+jYeGvFxET/FUL/gNMKMxb3/p3NKUofBpGS+wYna8Jphbm2Tx6DDZaqPcpcNpabZKzPAvezzmtW7EILTbZtA=="
      },
      "Microsoft.NetCore.Analyzers": {
        "type": "Transitive",
        "resolved": "2.9.7",
        "contentHash": "NYQOi5n+36rVuh+Yh6UabkzH5lNaji+OIArnzbY1jUp+u2CL9A7DatJGrh7u/VOZJICVFR3UgVKobm0CLbIcRg=="
      },
      "Microsoft.NetFramework.Analyzers": {
        "type": "Transitive",
        "resolved": "2.9.7",
        "contentHash": "sC+Vt/m60axfe0jr8K3iXMXSwNhCp8jMJyn8gRMo9HDg2Nr7PpVGcNxqIt1rRbRiE6Lwqp8lo8AlFekHxvUCOg=="
      },
      "Microsoft.NETFramework.ReferenceAssemblies.net472": {
        "type": "Transitive",
        "resolved": "1.0.0-preview.2",
        "contentHash": "TpjU61MaDdutQqg9G64wz6CSjJreGmxYQCczAC4GebB6ZZQmtE4EMuTKAzUX8xNXyqiu62s49ySkWeG6WvrbkA=="
      },
      "Microsoft.SourceLink.Common": {
        "type": "Transitive",
        "resolved": "1.0.0-beta2-19554-01",
        "contentHash": "3UPzCA83snmVmWdrTfE9WctN7zSB+jPf5OVatYCjD4bpjOO4rLVkpTLrDKbXJsmk/uHC24YFX1XRw24u9DgTTA=="
      }
    },
    ".NETStandard,Version=v1.1": {
      "Microsoft.CodeAnalysis.FxCopAnalyzers": {
        "type": "Direct",
        "requested": "[2.9.7, )",
        "resolved": "2.9.7",
        "contentHash": "/WbA9NXJmd7LW4ERe1v9YVRlpp0nnEMV5ne0ydnKT3/RMLzTt9AZjghuL6u3eSclyhcSI/mW/B4uPv2cAr4PXg==",
        "dependencies": {
          "Microsoft.CodeAnalysis.VersionCheckAnalyzer": "[2.9.7]",
          "Microsoft.CodeQuality.Analyzers": "[2.9.7]",
          "Microsoft.NetCore.Analyzers": "[2.9.7]",
          "Microsoft.NetFramework.Analyzers": "[2.9.7]"
        }
      },
      "Microsoft.NETFramework.ReferenceAssemblies": {
        "type": "Direct",
        "requested": "[1.0.0-preview.2, )",
        "resolved": "1.0.0-preview.2",
        "contentHash": "m+pJPEO7HyXvrOna5Sr3s77ewXonjYWJTNL6drh8xACnMNxnlqUDKx9HfGeSE9wmfY0lQwppaeZpFTPGaH7kZg=="
      },
      "Microsoft.SourceLink.GitHub": {
        "type": "Direct",
        "requested": "[1.0.0-beta2-19554-01, )",
        "resolved": "1.0.0-beta2-19554-01",
        "contentHash": "Xb6QINuKuOR4mWOpr7l/jocY/nk3Q88lZ3uYTQhzZvhVDEJ63dDJtVP2SFLXKvwzm1fHTQloDqSbn+0tj+x9jw==",
        "dependencies": {
          "Microsoft.Build.Tasks.Git": "1.0.0-beta2-19554-01",
          "Microsoft.SourceLink.Common": "1.0.0-beta2-19554-01"
        }
      },
      "NETStandard.Library": {
        "type": "Direct",
        "requested": "[1.6.1, )",
        "resolved": "1.6.1",
        "contentHash": "WcSp3+vP+yHNgS8EV5J7pZ9IRpeDuARBPN28by8zqff1wJQXm26PVU8L3/fYLBJVU7BtDyqNVWq2KlCVvSSR4A==",
        "dependencies": {
          "Microsoft.NETCore.Platforms": "1.1.0",
          "System.Collections": "4.3.0",
          "System.Collections.Concurrent": "4.3.0",
          "System.Diagnostics.Debug": "4.3.0",
          "System.Diagnostics.Tools": "4.3.0",
          "System.Diagnostics.Tracing": "4.3.0",
          "System.Globalization": "4.3.0",
          "System.IO": "4.3.0",
          "System.IO.Compression": "4.3.0",
          "System.Linq": "4.3.0",
          "System.Linq.Expressions": "4.3.0",
          "System.Net.Http": "4.3.0",
          "System.Net.Primitives": "4.3.0",
          "System.ObjectModel": "4.3.0",
          "System.Reflection": "4.3.0",
          "System.Reflection.Extensions": "4.3.0",
          "System.Reflection.Primitives": "4.3.0",
          "System.Resources.ResourceManager": "4.3.0",
          "System.Runtime": "4.3.0",
          "System.Runtime.Extensions": "4.3.0",
          "System.Runtime.InteropServices": "4.3.0",
          "System.Runtime.InteropServices.RuntimeInformation": "4.3.0",
          "System.Runtime.Numerics": "4.3.0",
          "System.Text.Encoding": "4.3.0",
          "System.Text.Encoding.Extensions": "4.3.0",
          "System.Text.RegularExpressions": "4.3.0",
          "System.Threading": "4.3.0",
          "System.Threading.Tasks": "4.3.0",
          "System.Xml.ReaderWriter": "4.3.0",
          "System.Xml.XDocument": "4.3.0"
        }
      },
      "Newtonsoft.Json": {
        "type": "Direct",
        "requested": "[12.0.2, )",
        "resolved": "12.0.2",
        "contentHash": "rTK0s2EKlfHsQsH6Yx2smvcTCeyoDNgCW7FEYyV01drPlh2T243PR2DiDXqtC5N4GDm4Ma/lkxfW5a/4793vbA==",
        "dependencies": {
          "Microsoft.CSharp": "4.3.0",
          "NETStandard.Library": "1.6.1",
          "System.ComponentModel.TypeConverter": "4.3.0",
          "System.Runtime.Serialization.Primitives": "4.3.0"
        }
      },
      "StyleCop.Analyzers": {
        "type": "Direct",
        "requested": "[1.1.118, )",
        "resolved": "1.1.118",
        "contentHash": "Onx6ovGSqXSK07n/0eM3ZusiNdB6cIlJdabQhWGgJp3Vooy9AaLS/tigeybOJAobqbtggTamoWndz72JscZBvw=="
      },
      "Microsoft.Build.Tasks.Git": {
        "type": "Transitive",
        "resolved": "1.0.0-beta2-19554-01",
        "contentHash": "v263i3YSvtCGfm0LiOHOUCSZlMNvwP7S1Wo2bQN3T/7jHqqttjnCKHDoJDUu2iyfL8A9FrPRhTyhxOXe2m8PYQ=="
      },
      "Microsoft.CodeAnalysis.VersionCheckAnalyzer": {
        "type": "Transitive",
        "resolved": "2.9.7",
        "contentHash": "ePzHjOnn2EJCYubovr+lVPfkOx7yXjF9pNzE2TSZgAAC4zE4fNAL2HU/f+AoJWP0oQH1hohkApwfZPS+I82ynQ=="
      },
      "Microsoft.CodeQuality.Analyzers": {
        "type": "Transitive",
        "resolved": "2.9.7",
        "contentHash": "gl+jYeGvFxET/FUL/gNMKMxb3/p3NKUofBpGS+wYna8Jphbm2Tx6DDZaqPcpcNpabZKzPAvezzmtW7EILTbZtA=="
      },
      "Microsoft.CSharp": {
        "type": "Transitive",
        "resolved": "4.3.0",
        "contentHash": "P+MBhIM0YX+JqROuf7i306ZLJEjQYA9uUyRDE+OqwUI5sh41e2ZbPQV3LfAPh+29cmceE1pUffXsGfR4eMY3KA==",
        "dependencies": {
          "System.Dynamic.Runtime": "4.3.0",
          "System.Linq.Expressions": "4.3.0",
          "System.Runtime": "4.3.0"
        }
      },
      "Microsoft.NetCore.Analyzers": {
        "type": "Transitive",
        "resolved": "2.9.7",
        "contentHash": "NYQOi5n+36rVuh+Yh6UabkzH5lNaji+OIArnzbY1jUp+u2CL9A7DatJGrh7u/VOZJICVFR3UgVKobm0CLbIcRg=="
      },
      "Microsoft.NETCore.Platforms": {
        "type": "Transitive",
        "resolved": "1.1.0",
        "contentHash": "kz0PEW2lhqygehI/d6XsPCQzD7ff7gUJaVGPVETX611eadGsA3A877GdSlU0LRVMCTH/+P3o2iDTak+S08V2+A=="
      },
      "Microsoft.NETCore.Targets": {
        "type": "Transitive",
        "resolved": "1.1.0",
        "contentHash": "aOZA3BWfz9RXjpzt0sRJJMjAscAUm3Hoa4UWAfceV9UTYxgwZ1lZt5nO2myFf+/jetYQo4uTP7zS8sJY67BBxg=="
      },
      "Microsoft.NetFramework.Analyzers": {
        "type": "Transitive",
        "resolved": "2.9.7",
        "contentHash": "sC+Vt/m60axfe0jr8K3iXMXSwNhCp8jMJyn8gRMo9HDg2Nr7PpVGcNxqIt1rRbRiE6Lwqp8lo8AlFekHxvUCOg=="
      },
      "Microsoft.SourceLink.Common": {
        "type": "Transitive",
        "resolved": "1.0.0-beta2-19554-01",
        "contentHash": "3UPzCA83snmVmWdrTfE9WctN7zSB+jPf5OVatYCjD4bpjOO4rLVkpTLrDKbXJsmk/uHC24YFX1XRw24u9DgTTA=="
      },
      "runtime.native.System": {
        "type": "Transitive",
        "resolved": "4.3.0",
        "contentHash": "c/qWt2LieNZIj1jGnVNsE2Kl23Ya2aSTBuXMD6V7k9KWr6l16Tqdwq+hJScEpWER9753NWC8h96PaVNY5Ld7Jw==",
        "dependencies": {
          "Microsoft.NETCore.Platforms": "1.1.0",
          "Microsoft.NETCore.Targets": "1.1.0"
        }
      },
      "System.Collections": {
        "type": "Transitive",
        "resolved": "4.3.0",
        "contentHash": "3Dcj85/TBdVpL5Zr+gEEBUuFe2icOnLalmEh9hfck1PTYbbyWuZgh4fmm2ysCLTrqLQw6t3TgTyJ+VLp+Qb+Lw==",
        "dependencies": {
          "Microsoft.NETCore.Platforms": "1.1.0",
          "Microsoft.NETCore.Targets": "1.1.0",
          "System.Runtime": "4.3.0"
        }
      },
      "System.Collections.Concurrent": {
        "type": "Transitive",
        "resolved": "4.3.0",
        "contentHash": "ztl69Xp0Y/UXCL+3v3tEU+lIy+bvjKNUmopn1wep/a291pVPK7dxBd6T7WnlQqRog+d1a/hSsgRsmFnIBKTPLQ==",
        "dependencies": {
          "System.Runtime": "4.3.0",
          "System.Threading.Tasks": "4.3.0"
        }
      },
      "System.ComponentModel": {
        "type": "Transitive",
        "resolved": "4.3.0",
        "contentHash": "VyGn1jGRZVfxnh8EdvDCi71v3bMXrsu8aYJOwoV7SNDLVhiEqwP86pPMyRGsDsxhXAm2b3o9OIqeETfN5qfezw==",
        "dependencies": {
          "System.Runtime": "4.3.0"
        }
      },
      "System.ComponentModel.Primitives": {
        "type": "Transitive",
        "resolved": "4.3.0",
        "contentHash": "KMVuoQ+8bMQ/Z59M3s64num5AD74X5YSqVc7ibwGkPTfmmkl2W8VuSxLRJtpw4KzQrSKUgR0BLbF0adPfcTSGQ==",
        "dependencies": {
          "System.ComponentModel": "4.3.0",
          "System.Resources.ResourceManager": "4.3.0",
          "System.Runtime": "4.3.0"
        }
      },
      "System.ComponentModel.TypeConverter": {
        "type": "Transitive",
        "resolved": "4.3.0",
        "contentHash": "HZiP0DwTHJ+C+rdFqP47nBYUh5283kcwXIGY2zOVVhsJmVI/2tYiX2zNRdjRQRHsTox58Ydkec6h0pWSh8wAsw==",
        "dependencies": {
          "System.Collections": "4.3.0",
          "System.ComponentModel": "4.3.0",
          "System.ComponentModel.Primitives": "4.3.0",
          "System.Globalization": "4.3.0",
          "System.Reflection": "4.3.0",
          "System.Reflection.Extensions": "4.3.0",
          "System.Reflection.Primitives": "4.3.0",
          "System.Resources.ResourceManager": "4.3.0",
          "System.Runtime": "4.3.0",
          "System.Runtime.Extensions": "4.3.0",
          "System.Threading": "4.3.0"
        }
      },
      "System.Diagnostics.Debug": {
        "type": "Transitive",
        "resolved": "4.3.0",
        "contentHash": "ZUhUOdqmaG5Jk3Xdb8xi5kIyQYAA4PnTNlHx1mu9ZY3qv4ELIdKbnL/akbGaKi2RnNUWaZsAs31rvzFdewTj2g==",
        "dependencies": {
          "Microsoft.NETCore.Platforms": "1.1.0",
          "Microsoft.NETCore.Targets": "1.1.0",
          "System.Runtime": "4.3.0"
        }
      },
      "System.Diagnostics.Tools": {
        "type": "Transitive",
        "resolved": "4.3.0",
        "contentHash": "UUvkJfSYJMM6x527dJg2VyWPSRqIVB0Z7dbjHst1zmwTXz5CcXSYJFWRpuigfbO1Lf7yfZiIaEUesfnl/g5EyA==",
        "dependencies": {
          "Microsoft.NETCore.Platforms": "1.1.0",
          "Microsoft.NETCore.Targets": "1.1.0",
          "System.Runtime": "4.3.0"
        }
      },
      "System.Diagnostics.Tracing": {
        "type": "Transitive",
        "resolved": "4.3.0",
        "contentHash": "rswfv0f/Cqkh78rA5S8eN8Neocz234+emGCtTF3lxPY96F+mmmUen6tbn0glN6PMvlKQb9bPAY5e9u7fgPTkKw==",
        "dependencies": {
          "Microsoft.NETCore.Platforms": "1.1.0",
          "Microsoft.NETCore.Targets": "1.1.0",
          "System.Runtime": "4.3.0"
        }
      },
      "System.Dynamic.Runtime": {
        "type": "Transitive",
        "resolved": "4.3.0",
        "contentHash": "SNVi1E/vfWUAs/WYKhE9+qlS6KqK0YVhnlT0HQtr8pMIA8YX3lwy3uPMownDwdYISBdmAF/2holEIldVp85Wag==",
        "dependencies": {
          "System.Linq.Expressions": "4.3.0",
          "System.ObjectModel": "4.3.0",
          "System.Reflection": "4.3.0",
          "System.Runtime": "4.3.0"
        }
      },
      "System.Globalization": {
        "type": "Transitive",
        "resolved": "4.3.0",
        "contentHash": "kYdVd2f2PAdFGblzFswE4hkNANJBKRmsfa2X5LG2AcWE1c7/4t0pYae1L8vfZ5xvE2nK/R9JprtToA61OSHWIg==",
        "dependencies": {
          "Microsoft.NETCore.Platforms": "1.1.0",
          "Microsoft.NETCore.Targets": "1.1.0",
          "System.Runtime": "4.3.0"
        }
      },
      "System.IO": {
        "type": "Transitive",
        "resolved": "4.3.0",
        "contentHash": "3qjaHvxQPDpSOYICjUoTsmoq5u6QJAFRUITgeT/4gqkF1bajbSmb1kwSxEA8AHlofqgcKJcM8udgieRNhaJ5Cg==",
        "dependencies": {
          "Microsoft.NETCore.Platforms": "1.1.0",
          "Microsoft.NETCore.Targets": "1.1.0",
          "System.Runtime": "4.3.0",
          "System.Text.Encoding": "4.3.0",
          "System.Threading.Tasks": "4.3.0"
        }
      },
      "System.IO.Compression": {
        "type": "Transitive",
        "resolved": "4.3.0",
        "contentHash": "YHndyoiV90iu4iKG115ibkhrG+S3jBm8Ap9OwoUAzO5oPDAWcr0SFwQFm0HjM8WkEZWo0zvLTyLmbvTkW1bXgg==",
        "dependencies": {
          "System.IO": "4.3.0",
          "System.Runtime": "4.3.0",
          "System.Text.Encoding": "4.3.0"
        }
      },
      "System.Linq": {
        "type": "Transitive",
        "resolved": "4.3.0",
        "contentHash": "5DbqIUpsDp0dFftytzuMmc0oeMdQwjcP/EWxsksIz/w1TcFRkZ3yKKz0PqiYFMmEwPSWw+qNVqD7PJ889JzHbw==",
        "dependencies": {
          "System.Collections": "4.3.0",
          "System.Runtime": "4.3.0"
        }
      },
      "System.Linq.Expressions": {
        "type": "Transitive",
        "resolved": "4.3.0",
        "contentHash": "PGKkrd2khG4CnlyJwxwwaWWiSiWFNBGlgXvJpeO0xCXrZ89ODrQ6tjEWS/kOqZ8GwEOUATtKtzp1eRgmYNfclg==",
        "dependencies": {
          "System.Reflection": "4.3.0",
          "System.Runtime": "4.3.0"
        }
      },
      "System.Net.Http": {
        "type": "Transitive",
        "resolved": "4.3.0",
        "contentHash": "sYg+FtILtRQuYWSIAuNOELwVuVsxVyJGWQyOnlAzhV4xvhyFnON1bAzYYC+jjRW8JREM45R0R5Dgi8MTC5sEwA==",
        "dependencies": {
          "System.IO": "4.3.0",
          "System.Net.Primitives": "4.3.0",
          "System.Runtime": "4.3.0",
          "System.Text.Encoding": "4.3.0",
          "System.Threading.Tasks": "4.3.0"
        }
      },
      "System.Net.Primitives": {
        "type": "Transitive",
        "resolved": "4.3.0",
        "contentHash": "qOu+hDwFwoZPbzPvwut2qATe3ygjeQBDQj91xlsaqGFQUI5i4ZnZb8yyQuLGpDGivEPIt8EJkd1BVzVoP31FXA==",
        "dependencies": {
          "Microsoft.NETCore.Platforms": "1.1.0",
          "Microsoft.NETCore.Targets": "1.1.0",
          "System.Runtime": "4.3.0"
        }
      },
      "System.ObjectModel": {
        "type": "Transitive",
        "resolved": "4.3.0",
        "contentHash": "bdX+80eKv9bN6K4N+d77OankKHGn6CH711a6fcOpMQu2Fckp/Ft4L/kW9WznHpyR0NRAvJutzOMHNNlBGvxQzQ==",
        "dependencies": {
          "System.Runtime": "4.3.0"
        }
      },
      "System.Reflection": {
        "type": "Transitive",
        "resolved": "4.3.0",
        "contentHash": "KMiAFoW7MfJGa9nDFNcfu+FpEdiHpWgTcS2HdMpDvt9saK3y/G4GwprPyzqjFH9NTaGPQeWNHU+iDlDILj96aQ==",
        "dependencies": {
          "Microsoft.NETCore.Platforms": "1.1.0",
          "Microsoft.NETCore.Targets": "1.1.0",
          "System.IO": "4.3.0",
          "System.Reflection.Primitives": "4.3.0",
          "System.Runtime": "4.3.0"
        }
      },
      "System.Reflection.Extensions": {
        "type": "Transitive",
        "resolved": "4.3.0",
        "contentHash": "rJkrJD3kBI5B712aRu4DpSIiHRtr6QlfZSQsb0hYHrDCZORXCFjQfoipo2LaMUHoT9i1B7j7MnfaEKWDFmFQNQ==",
        "dependencies": {
          "Microsoft.NETCore.Platforms": "1.1.0",
          "Microsoft.NETCore.Targets": "1.1.0",
          "System.Reflection": "4.3.0",
          "System.Runtime": "4.3.0"
        }
      },
      "System.Reflection.Primitives": {
        "type": "Transitive",
        "resolved": "4.3.0",
        "contentHash": "5RXItQz5As4xN2/YUDxdpsEkMhvw3e6aNveFXUn4Hl/udNTCNhnKp8lT9fnc3MhvGKh1baak5CovpuQUXHAlIA==",
        "dependencies": {
          "Microsoft.NETCore.Platforms": "1.1.0",
          "Microsoft.NETCore.Targets": "1.1.0",
          "System.Runtime": "4.3.0"
        }
      },
      "System.Resources.ResourceManager": {
        "type": "Transitive",
        "resolved": "4.3.0",
        "contentHash": "/zrcPkkWdZmI4F92gL/TPumP98AVDu/Wxr3CSJGQQ+XN6wbRZcyfSKVoPo17ilb3iOr0cCRqJInGwNMolqhS8A==",
        "dependencies": {
          "Microsoft.NETCore.Platforms": "1.1.0",
          "Microsoft.NETCore.Targets": "1.1.0",
          "System.Globalization": "4.3.0",
          "System.Reflection": "4.3.0",
          "System.Runtime": "4.3.0"
        }
      },
      "System.Runtime": {
        "type": "Transitive",
        "resolved": "4.3.0",
        "contentHash": "JufQi0vPQ0xGnAczR13AUFglDyVYt4Kqnz1AZaiKZ5+GICq0/1MH/mO/eAJHt/mHW1zjKBJd7kV26SrxddAhiw==",
        "dependencies": {
          "Microsoft.NETCore.Platforms": "1.1.0",
          "Microsoft.NETCore.Targets": "1.1.0"
        }
      },
      "System.Runtime.Extensions": {
        "type": "Transitive",
        "resolved": "4.3.0",
        "contentHash": "guW0uK0fn5fcJJ1tJVXYd7/1h5F+pea1r7FLSOz/f8vPEqbR2ZAknuRDvTQ8PzAilDveOxNjSfr0CHfIQfFk8g==",
        "dependencies": {
          "Microsoft.NETCore.Platforms": "1.1.0",
          "Microsoft.NETCore.Targets": "1.1.0",
          "System.Runtime": "4.3.0"
        }
      },
      "System.Runtime.InteropServices": {
        "type": "Transitive",
        "resolved": "4.3.0",
        "contentHash": "uv1ynXqiMK8mp1GM3jDqPCFN66eJ5w5XNomaK2XD+TuCroNTLFGeZ+WCmBMcBDyTFKou3P6cR6J/QsaqDp7fGQ==",
        "dependencies": {
          "Microsoft.NETCore.Platforms": "1.1.0",
          "Microsoft.NETCore.Targets": "1.1.0",
          "System.Reflection": "4.3.0",
          "System.Reflection.Primitives": "4.3.0",
          "System.Runtime": "4.3.0"
        }
      },
      "System.Runtime.InteropServices.RuntimeInformation": {
        "type": "Transitive",
        "resolved": "4.3.0",
        "contentHash": "cbz4YJMqRDR7oLeMRbdYv7mYzc++17lNhScCX0goO2XpGWdvAt60CGN+FHdePUEHCe/Jy9jUlvNAiNdM+7jsOw==",
        "dependencies": {
          "System.Reflection": "4.3.0",
          "System.Reflection.Extensions": "4.3.0",
          "System.Resources.ResourceManager": "4.3.0",
          "System.Runtime": "4.3.0",
          "System.Runtime.InteropServices": "4.3.0",
          "System.Threading": "4.3.0",
          "runtime.native.System": "4.3.0"
        }
      },
      "System.Runtime.Numerics": {
        "type": "Transitive",
        "resolved": "4.3.0",
        "contentHash": "yMH+MfdzHjy17l2KESnPiF2dwq7T+xLnSJar7slyimAkUh/gTrS9/UQOtv7xarskJ2/XDSNvfLGOBQPjL7PaHQ==",
        "dependencies": {
          "System.Runtime": "4.3.0"
        }
      },
      "System.Runtime.Serialization.Primitives": {
        "type": "Transitive",
        "resolved": "4.3.0",
        "contentHash": "Wz+0KOukJGAlXjtKr+5Xpuxf8+c8739RI1C+A2BoQZT+wMCCoMDDdO8/4IRHfaVINqL78GO8dW8G2lW/e45Mcw==",
        "dependencies": {
          "System.Runtime": "4.3.0"
        }
      },
      "System.Text.Encoding": {
        "type": "Transitive",
        "resolved": "4.3.0",
        "contentHash": "BiIg+KWaSDOITze6jGQynxg64naAPtqGHBwDrLaCtixsa5bKiR8dpPOHA7ge3C0JJQizJE+sfkz1wV+BAKAYZw==",
        "dependencies": {
          "Microsoft.NETCore.Platforms": "1.1.0",
          "Microsoft.NETCore.Targets": "1.1.0",
          "System.Runtime": "4.3.0"
        }
      },
      "System.Text.Encoding.Extensions": {
        "type": "Transitive",
        "resolved": "4.3.0",
        "contentHash": "YVMK0Bt/A43RmwizJoZ22ei2nmrhobgeiYwFzC4YAN+nue8RF6djXDMog0UCn+brerQoYVyaS+ghy9P/MUVcmw==",
        "dependencies": {
          "Microsoft.NETCore.Platforms": "1.1.0",
          "Microsoft.NETCore.Targets": "1.1.0",
          "System.Runtime": "4.3.0",
          "System.Text.Encoding": "4.3.0"
        }
      },
      "System.Text.RegularExpressions": {
        "type": "Transitive",
        "resolved": "4.3.0",
        "contentHash": "RpT2DA+L660cBt1FssIE9CAGpLFdFPuheB7pLpKpn6ZXNby7jDERe8Ua/Ne2xGiwLVG2JOqziiaVCGDon5sKFA==",
        "dependencies": {
          "System.Runtime": "4.3.0"
        }
      },
      "System.Threading": {
        "type": "Transitive",
        "resolved": "4.3.0",
        "contentHash": "VkUS0kOBcUf3Wwm0TSbrevDDZ6BlM+b/HRiapRFWjM5O0NS0LviG0glKmFK+hhPDd1XFeSdU1GmlLhb2CoVpIw==",
        "dependencies": {
          "System.Runtime": "4.3.0",
          "System.Threading.Tasks": "4.3.0"
        }
      },
      "System.Threading.Tasks": {
        "type": "Transitive",
        "resolved": "4.3.0",
        "contentHash": "LbSxKEdOUhVe8BezB/9uOGGppt+nZf6e1VFyw6v3DN6lqitm0OSn2uXMOdtP0M3W4iMcqcivm2J6UgqiwwnXiA==",
        "dependencies": {
          "Microsoft.NETCore.Platforms": "1.1.0",
          "Microsoft.NETCore.Targets": "1.1.0",
          "System.Runtime": "4.3.0"
        }
      },
      "System.Xml.ReaderWriter": {
        "type": "Transitive",
        "resolved": "4.3.0",
        "contentHash": "GrprA+Z0RUXaR4N7/eW71j1rgMnEnEVlgii49GZyAjTH7uliMnrOU3HNFBr6fEDBCJCIdlVNq9hHbaDR621XBA==",
        "dependencies": {
          "System.IO": "4.3.0",
          "System.Runtime": "4.3.0",
          "System.Text.Encoding": "4.3.0",
          "System.Threading.Tasks": "4.3.0"
        }
      },
      "System.Xml.XDocument": {
        "type": "Transitive",
        "resolved": "4.3.0",
        "contentHash": "5zJ0XDxAIg8iy+t4aMnQAu0MqVbqyvfoUVl1yDV61xdo3Vth45oA2FoY4pPkxYAH5f8ixpmTqXeEIya95x0aCQ==",
        "dependencies": {
          "System.IO": "4.3.0",
          "System.Runtime": "4.3.0",
          "System.Xml.ReaderWriter": "4.3.0"
        }
      }
    },
    ".NETStandard,Version=v2.0": {
      "Microsoft.CodeAnalysis.FxCopAnalyzers": {
        "type": "Direct",
        "requested": "[2.9.7, )",
        "resolved": "2.9.7",
        "contentHash": "/WbA9NXJmd7LW4ERe1v9YVRlpp0nnEMV5ne0ydnKT3/RMLzTt9AZjghuL6u3eSclyhcSI/mW/B4uPv2cAr4PXg==",
        "dependencies": {
          "Microsoft.CodeAnalysis.VersionCheckAnalyzer": "[2.9.7]",
          "Microsoft.CodeQuality.Analyzers": "[2.9.7]",
          "Microsoft.NetCore.Analyzers": "[2.9.7]",
          "Microsoft.NetFramework.Analyzers": "[2.9.7]"
        }
      },
      "Microsoft.NETFramework.ReferenceAssemblies": {
        "type": "Direct",
        "requested": "[1.0.0-preview.2, )",
        "resolved": "1.0.0-preview.2",
        "contentHash": "m+pJPEO7HyXvrOna5Sr3s77ewXonjYWJTNL6drh8xACnMNxnlqUDKx9HfGeSE9wmfY0lQwppaeZpFTPGaH7kZg=="
      },
      "Microsoft.SourceLink.GitHub": {
        "type": "Direct",
        "requested": "[1.0.0-beta2-19554-01, )",
        "resolved": "1.0.0-beta2-19554-01",
        "contentHash": "Xb6QINuKuOR4mWOpr7l/jocY/nk3Q88lZ3uYTQhzZvhVDEJ63dDJtVP2SFLXKvwzm1fHTQloDqSbn+0tj+x9jw==",
        "dependencies": {
          "Microsoft.Build.Tasks.Git": "1.0.0-beta2-19554-01",
          "Microsoft.SourceLink.Common": "1.0.0-beta2-19554-01"
        }
      },
      "Microsoft.VisualStudio.Threading.Analyzers": {
        "type": "Direct",
        "requested": "[16.4.16, )",
        "resolved": "16.4.16",
        "contentHash": "wtZd8BucYNTFmtPutPkstJ+v1CRIrzyBPCLzGPqGsYBnNFfwxdtnZoeK/uBq4Pg0e0uvLYNWgoZsED0/5keHsQ=="
      },
      "NETStandard.Library": {
        "type": "Direct",
        "requested": "[2.0.3, )",
        "resolved": "2.0.3",
        "contentHash": "st47PosZSHrjECdjeIzZQbzivYBJFv6P2nv4cj2ypdI204DO+vZ7l5raGMiX4eXMJ53RfOIg+/s4DHVZ54Nu2A==",
        "dependencies": {
          "Microsoft.NETCore.Platforms": "1.1.0"
        }
      },
      "Newtonsoft.Json": {
        "type": "Direct",
        "requested": "[12.0.2, )",
        "resolved": "12.0.2",
        "contentHash": "rTK0s2EKlfHsQsH6Yx2smvcTCeyoDNgCW7FEYyV01drPlh2T243PR2DiDXqtC5N4GDm4Ma/lkxfW5a/4793vbA=="
      },
      "StyleCop.Analyzers": {
        "type": "Direct",
        "requested": "[1.1.118, )",
        "resolved": "1.1.118",
        "contentHash": "Onx6ovGSqXSK07n/0eM3ZusiNdB6cIlJdabQhWGgJp3Vooy9AaLS/tigeybOJAobqbtggTamoWndz72JscZBvw=="
      },
      "Microsoft.Build.Tasks.Git": {
        "type": "Transitive",
        "resolved": "1.0.0-beta2-19554-01",
        "contentHash": "v263i3YSvtCGfm0LiOHOUCSZlMNvwP7S1Wo2bQN3T/7jHqqttjnCKHDoJDUu2iyfL8A9FrPRhTyhxOXe2m8PYQ=="
      },
      "Microsoft.CodeAnalysis.VersionCheckAnalyzer": {
        "type": "Transitive",
        "resolved": "2.9.7",
        "contentHash": "ePzHjOnn2EJCYubovr+lVPfkOx7yXjF9pNzE2TSZgAAC4zE4fNAL2HU/f+AoJWP0oQH1hohkApwfZPS+I82ynQ=="
      },
      "Microsoft.CodeQuality.Analyzers": {
        "type": "Transitive",
        "resolved": "2.9.7",
        "contentHash": "gl+jYeGvFxET/FUL/gNMKMxb3/p3NKUofBpGS+wYna8Jphbm2Tx6DDZaqPcpcNpabZKzPAvezzmtW7EILTbZtA=="
      },
      "Microsoft.NetCore.Analyzers": {
        "type": "Transitive",
        "resolved": "2.9.7",
        "contentHash": "NYQOi5n+36rVuh+Yh6UabkzH5lNaji+OIArnzbY1jUp+u2CL9A7DatJGrh7u/VOZJICVFR3UgVKobm0CLbIcRg=="
      },
      "Microsoft.NETCore.Platforms": {
        "type": "Transitive",
        "resolved": "1.1.0",
        "contentHash": "kz0PEW2lhqygehI/d6XsPCQzD7ff7gUJaVGPVETX611eadGsA3A877GdSlU0LRVMCTH/+P3o2iDTak+S08V2+A=="
      },
      "Microsoft.NetFramework.Analyzers": {
        "type": "Transitive",
        "resolved": "2.9.7",
        "contentHash": "sC+Vt/m60axfe0jr8K3iXMXSwNhCp8jMJyn8gRMo9HDg2Nr7PpVGcNxqIt1rRbRiE6Lwqp8lo8AlFekHxvUCOg=="
      },
      "Microsoft.SourceLink.Common": {
        "type": "Transitive",
        "resolved": "1.0.0-beta2-19554-01",
        "contentHash": "3UPzCA83snmVmWdrTfE9WctN7zSB+jPf5OVatYCjD4bpjOO4rLVkpTLrDKbXJsmk/uHC24YFX1XRw24u9DgTTA=="
      }
    }
  }
}