{
  "version": 1,
  "dependencies": {
    ".NETCoreApp,Version=v3.0": {
      "Microsoft.CodeAnalysis.FxCopAnalyzers": {
        "type": "Direct",
        "requested": "[2.9.7, )",
        "resolved": "2.9.7",
        "contentHash": "/WbA9NXJmd7LW4ERe1v9YVRlpp0nnEMV5ne0ydnKT3/RMLzTt9AZjghuL6u3eSclyhcSI/mW/B4uPv2cAr4PXg==",
        "dependencies": {
          "Microsoft.CodeAnalysis.VersionCheckAnalyzer": "[2.9.7]",
          "Microsoft.CodeQuality.Analyzers": "[2.9.7]",
          "Microsoft.NetCore.Analyzers": "[2.9.7]",
          "Microsoft.NetFramework.Analyzers": "[2.9.7]"
        }
      },
      "Microsoft.VisualStudio.Threading.Analyzers": {
        "type": "Direct",
        "requested": "[16.4.16, )",
        "resolved": "16.4.16",
        "contentHash": "wtZd8BucYNTFmtPutPkstJ+v1CRIrzyBPCLzGPqGsYBnNFfwxdtnZoeK/uBq4Pg0e0uvLYNWgoZsED0/5keHsQ=="
      },
      "Newtonsoft.Json": {
        "type": "Direct",
        "requested": "[12.0.2, )",
        "resolved": "12.0.2",
        "contentHash": "rTK0s2EKlfHsQsH6Yx2smvcTCeyoDNgCW7FEYyV01drPlh2T243PR2DiDXqtC5N4GDm4Ma/lkxfW5a/4793vbA=="
      },
      "StyleCop.Analyzers": {
        "type": "Direct",
        "requested": "[1.1.118, )",
        "resolved": "1.1.118",
        "contentHash": "Onx6ovGSqXSK07n/0eM3ZusiNdB6cIlJdabQhWGgJp3Vooy9AaLS/tigeybOJAobqbtggTamoWndz72JscZBvw=="
      },
      "Microsoft.CodeAnalysis.VersionCheckAnalyzer": {
        "type": "Transitive",
        "resolved": "2.9.7",
        "contentHash": "ePzHjOnn2EJCYubovr+lVPfkOx7yXjF9pNzE2TSZgAAC4zE4fNAL2HU/f+AoJWP0oQH1hohkApwfZPS+I82ynQ=="
      },
      "Microsoft.CodeQuality.Analyzers": {
        "type": "Transitive",
        "resolved": "2.9.7",
        "contentHash": "gl+jYeGvFxET/FUL/gNMKMxb3/p3NKUofBpGS+wYna8Jphbm2Tx6DDZaqPcpcNpabZKzPAvezzmtW7EILTbZtA=="
      },
      "Microsoft.NetCore.Analyzers": {
        "type": "Transitive",
        "resolved": "2.9.7",
        "contentHash": "NYQOi5n+36rVuh+Yh6UabkzH5lNaji+OIArnzbY1jUp+u2CL9A7DatJGrh7u/VOZJICVFR3UgVKobm0CLbIcRg=="
      },
      "Microsoft.NetFramework.Analyzers": {
        "type": "Transitive",
        "resolved": "2.9.7",
        "contentHash": "sC+Vt/m60axfe0jr8K3iXMXSwNhCp8jMJyn8gRMo9HDg2Nr7PpVGcNxqIt1rRbRiE6Lwqp8lo8AlFekHxvUCOg=="
      }
    }
  }
}