{
  "version": 1,
  "dependencies": {
    ".NETCoreApp,Version=v3.0": {
      "Microsoft.NET.Test.Sdk": {
        "type": "Direct",
        "requested": "[16.3.0, )",
        "resolved": "16.3.0",
        "contentHash": "Drk/adJoZYuMx3MuhcpEqfXDrAOwv56tjq9SlqeO20+oTlNfGEebw2dmMRTl17EwlUYctdmZv5VzTZVncU1aVw==",
        "dependencies": {
          "Microsoft.CodeCoverage": "16.3.0",
          "Microsoft.TestPlatform.TestHost": "16.3.0"
        }
      },
      "Microsoft.VisualStudio.Threading.Analyzers": {
        "type": "Direct",
        "requested": "[16.4.16, )",
        "resolved": "16.4.16",
        "contentHash": "wtZd8BucYNTFmtPutPkstJ+v1CRIrzyBPCLzGPqGsYBnNFfwxdtnZoeK/uBq4Pg0e0uvLYNWgoZsED0/5keHsQ=="
      },
      "Moq": {
        "type": "Direct",
        "requested": "[4.13.1, )",
        "resolved": "4.13.1",
        "contentHash": "ic4m9/b10tz9oRB1Oi5bW7E/FS6Pd2SH5OJFhlmhUJkQhiV5FyrIRxVUEaG5KOpSpcfSPGAVW4rRZt6OzrS5zg==",
        "dependencies": {
          "Castle.Core": "4.4.0",
          "System.Threading.Tasks.Extensions": "4.5.1"
        }
      },
      "StyleCop.Analyzers": {
        "type": "Direct",
        "requested": "[1.1.118, )",
        "resolved": "1.1.118",
        "contentHash": "Onx6ovGSqXSK07n/0eM3ZusiNdB6cIlJdabQhWGgJp3Vooy9AaLS/tigeybOJAobqbtggTamoWndz72JscZBvw=="
      },
      "xunit": {
        "type": "Direct",
        "requested": "[2.4.1, )",
        "resolved": "2.4.1",
        "contentHash": "XNR3Yz9QTtec16O0aKcO6+baVNpXmOnPUxDkCY97J+8krUYxPvXT1szYYEUdKk4sB8GOI2YbAjRIOm8ZnXRfzQ==",
        "dependencies": {
          "xunit.analyzers": "0.10.0",
          "xunit.assert": "[2.4.1]",
          "xunit.core": "[2.4.1]"
        }
      },
      "xunit.runner.visualstudio": {
        "type": "Direct",
        "requested": "[2.4.1, )",
        "resolved": "2.4.1",
        "contentHash": "mBXd1lp1TQr4to2nFv+c4Tf+RnPoQPKglzwLdbdirOUxRaJsCUNDUx2y7E6j9ajgISlTTp1CydFBZCRCUIrwDg==",
        "dependencies": {
          "Microsoft.NET.Test.Sdk": "15.0.0"
        }
      },
      "Castle.Core": {
        "type": "Transitive",
        "resolved": "4.4.0",
        "contentHash": "b5rRL5zeaau1y/5hIbI+6mGw3cwun16YjkHZnV9RRT5UyUIFsgLmNXJ0YnIN9p8Hw7K7AbG1q1UclQVU3DinAQ==",
        "dependencies": {
          "NETStandard.Library": "1.6.1",
          "System.Collections.Specialized": "4.3.0",
          "System.ComponentModel": "4.3.0",
          "System.ComponentModel.TypeConverter": "4.3.0",
          "System.Diagnostics.TraceSource": "4.3.0",
          "System.Dynamic.Runtime": "4.3.0",
          "System.Reflection": "4.3.0",
          "System.Reflection.Emit": "4.3.0",
          "System.Reflection.TypeExtensions": "4.3.0",
          "System.Xml.XmlDocument": "4.3.0"
        }
      },
      "Microsoft.CodeCoverage": {
        "type": "Transitive",
        "resolved": "16.3.0",
        "contentHash": "CVEzOQp+2Y/VdUEbvtziOd41QJ3tGGvqI14to5blM0Glr4P9uasORK4SaSF4bvlRQaiMeqS2iGoCfVIggdymmw=="
      },
      "Microsoft.NETCore.Platforms": {
        "type": "Transitive",
        "resolved": "1.1.0",
        "contentHash": "Dykk+nRqwx+6CdUfqdS1ZqUf5wkWMhFIRAuKj2D/75gzSOy5opD5zwdwP8I/xF42BxKRmKLLyhKEZxY980eCaQ=="
      },
      "Microsoft.NETCore.Targets": {
        "type": "Transitive",
        "resolved": "1.1.0",
        "contentHash": "nZzL4IIAIty0ovnJrOmtGJpsOukEBKsDGvZdPOWvKnYEcddrm7sylBdmXYmIzP5/EfETLEwk1RjC39vpzfexYQ=="
      },
      "Microsoft.TestPlatform.ObjectModel": {
        "type": "Transitive",
        "resolved": "16.3.0",
        "contentHash": "F4ZZ1c6J6VqeFhfPPBZNk+jr7VU5qYgxoClWK+VOJMRwGYc5edYY5q9CGtNgT93VcVGQ/ie6Gn8J9HDoST1fAg==",
        "dependencies": {
          "NuGet.Frameworks": "5.0.0"
        }
      },
      "Microsoft.TestPlatform.TestHost": {
        "type": "Transitive",
        "resolved": "16.3.0",
        "contentHash": "N44oK5yrJw70tJh/f5XrDT9ibywsz/t9hm9f59DojtfJphYG55oXf/2ht9h0iNMyzpuh7lFAWPdRcZ9v0Oj82w==",
        "dependencies": {
          "Microsoft.TestPlatform.ObjectModel": "16.3.0",
          "Newtonsoft.Json": "9.0.1"
        }
      },
      "Microsoft.Win32.Primitives": {
        "type": "Transitive",
        "resolved": "4.3.0",
        "contentHash": "Pnh2B4Tb93p++hTBKznY0Vig1M6aS9h5St0DKu3JezRWvOH7TyXU3WZNTX2H3xgN9XeYzYNhVeU0sxf2k0view==",
        "dependencies": {
          "Microsoft.NETCore.Platforms": "1.1.0",
          "Microsoft.NETCore.Targets": "1.1.0",
          "System.Runtime": "4.3.0"
        }
      },
      "NETStandard.Library": {
        "type": "Transitive",
        "resolved": "1.6.1",
        "contentHash": "cWNxMa8sNJbPJ3yCgyIndzdEWu6z547AuRFA50Tq/P5uauKXxMtEGKQMgfvjYQK5ouNZmwBb5605coiFXPPirw==",
        "dependencies": {
          "Microsoft.NETCore.Platforms": "1.1.0",
          "Microsoft.Win32.Primitives": "4.3.0",
          "System.AppContext": "4.3.0",
          "System.Collections": "4.3.0",
          "System.Collections.Concurrent": "4.3.0",
          "System.Console": "4.3.0",
          "System.Diagnostics.Debug": "4.3.0",
          "System.Diagnostics.Tools": "4.3.0",
          "System.Diagnostics.Tracing": "4.3.0",
          "System.Globalization": "4.3.0",
          "System.Globalization.Calendars": "4.3.0",
          "System.IO": "4.3.0",
          "System.IO.Compression": "4.3.0",
          "System.IO.Compression.ZipFile": "4.3.0",
          "System.IO.FileSystem": "4.3.0",
          "System.IO.FileSystem.Primitives": "4.3.0",
          "System.Linq": "4.3.0",
          "System.Linq.Expressions": "4.3.0",
          "System.Net.Http": "4.3.0",
          "System.Net.Primitives": "4.3.0",
          "System.Net.Sockets": "4.3.0",
          "System.ObjectModel": "4.3.0",
          "System.Reflection": "4.3.0",
          "System.Reflection.Extensions": "4.3.0",
          "System.Reflection.Primitives": "4.3.0",
          "System.Resources.ResourceManager": "4.3.0",
          "System.Runtime": "4.3.0",
          "System.Runtime.Extensions": "4.3.0",
          "System.Runtime.Handles": "4.3.0",
          "System.Runtime.InteropServices": "4.3.0",
          "System.Runtime.InteropServices.RuntimeInformation": "4.3.0",
          "System.Runtime.Numerics": "4.3.0",
          "System.Security.Cryptography.Algorithms": "4.3.0",
          "System.Security.Cryptography.Encoding": "4.3.0",
          "System.Security.Cryptography.Primitives": "4.3.0",
          "System.Security.Cryptography.X509Certificates": "4.3.0",
          "System.Text.Encoding": "4.3.0",
          "System.Text.Encoding.Extensions": "4.3.0",
          "System.Text.RegularExpressions": "4.3.0",
          "System.Threading": "4.3.0",
          "System.Threading.Tasks": "4.3.0",
          "System.Threading.Timer": "4.3.0",
          "System.Xml.ReaderWriter": "4.3.0",
          "System.Xml.XDocument": "4.3.0"
        }
      },
      "Newtonsoft.Json": {
        "type": "Transitive",
        "resolved": "12.0.2",
        "contentHash": "rTK0s2EKlfHsQsH6Yx2smvcTCeyoDNgCW7FEYyV01drPlh2T243PR2DiDXqtC5N4GDm4Ma/lkxfW5a/4793vbA=="
      },
      "NuGet.Frameworks": {
        "type": "Transitive",
        "resolved": "5.0.0",
        "contentHash": "c5JVjuVAm4f7E9Vj+v09Z9s2ZsqFDjBpcsyS3M9xRo0bEdm/LVZSzLxxNvfvAwRiiE8nwe1h2G4OwiwlzFKXlA=="
      },
      "runtime.debian.8-x64.runtime.native.System.Security.Cryptography.OpenSsl": {
        "type": "Transitive",
        "resolved": "4.3.0",
        "contentHash": "HdSSp5MnJSsg08KMfZThpuLPJpPwE5hBXvHwoKWosyHHfe8Mh5WKT0ylEOf6yNzX6Ngjxe4Whkafh5q7Ymac4Q=="
      },
      "runtime.fedora.23-x64.runtime.native.System.Security.Cryptography.OpenSsl": {
        "type": "Transitive",
        "resolved": "4.3.0",
        "contentHash": "+yH1a49wJMy8Zt4yx5RhJrxO/DBDByAiCzNwiETI+1S4mPdCu0OY4djdciC7Vssk0l22wQaDLrXxXkp+3+7bVA=="
      },
      "runtime.fedora.24-x64.runtime.native.System.Security.Cryptography.OpenSsl": {
        "type": "Transitive",
        "resolved": "4.3.0",
        "contentHash": "c3YNH1GQJbfIPJeCnr4avseugSqPrxwIqzthYyZDN6EuOyNOzq+y2KSUfRcXauya1sF4foESTgwM5e1A8arAKw=="
      },
      "runtime.native.System": {
        "type": "Transitive",
        "resolved": "4.3.0",
        "contentHash": "IRCGmCN7o1G57Q/xIZerBt6w3V+/cTPYoPmk+aTYX/TJaKurkNk9WXuwxAeS6PYDA5s7KmeFZrBiG8Zn/NupTQ==",
        "dependencies": {
          "Microsoft.NETCore.Platforms": "1.1.0",
          "Microsoft.NETCore.Targets": "1.1.0"
        }
      },
      "runtime.native.System.IO.Compression": {
        "type": "Transitive",
        "resolved": "4.3.0",
        "contentHash": "opCgtwMFJXYin4cTS90xUjiMWxehUhhB8jc7HRvQNloPHlszud2sPxVFqsuUjkDfqLlaEYTj2nIClms78MVMMA==",
        "dependencies": {
          "Microsoft.NETCore.Platforms": "1.1.0",
          "Microsoft.NETCore.Targets": "1.1.0"
        }
      },
      "runtime.native.System.Net.Http": {
        "type": "Transitive",
        "resolved": "4.3.0",
        "contentHash": "NzQx00vM/3ndu14RtgnjBOuu0KMjABvmIFSoOYNmyjM3x9OCdUEEH2awEO09OCNUXOIiFp3F2IkD1faEfiJ8/g==",
        "dependencies": {
          "Microsoft.NETCore.Platforms": "1.1.0",
          "Microsoft.NETCore.Targets": "1.1.0"
        }
      },
      "runtime.native.System.Security.Cryptography.Apple": {
        "type": "Transitive",
        "resolved": "4.3.0",
        "contentHash": "95WW8b2gY01PCaJJ6L8YLwi9cib/YaKpx8OXY6Lt+0vJIyYTrzkYY2tp1movCA5Fr9Rojfq6b2eVkJxCxiV6VA==",
        "dependencies": {
          "runtime.osx.10.10-x64.runtime.native.System.Security.Cryptography.Apple": "4.3.0"
        }
      },
      "runtime.native.System.Security.Cryptography.OpenSsl": {
        "type": "Transitive",
        "resolved": "4.3.0",
        "contentHash": "NS1U+700m4KFRHR5o4vo9DSlTmlCKu/u7dtE5sUHVIPB+xpXxYQvgBgA6wEIeCz6Yfn0Z52/72WYsToCEPJnrw==",
        "dependencies": {
          "runtime.debian.8-x64.runtime.native.System.Security.Cryptography.OpenSsl": "4.3.0",
          "runtime.fedora.23-x64.runtime.native.System.Security.Cryptography.OpenSsl": "4.3.0",
          "runtime.fedora.24-x64.runtime.native.System.Security.Cryptography.OpenSsl": "4.3.0",
          "runtime.opensuse.13.2-x64.runtime.native.System.Security.Cryptography.OpenSsl": "4.3.0",
          "runtime.opensuse.42.1-x64.runtime.native.System.Security.Cryptography.OpenSsl": "4.3.0",
          "runtime.osx.10.10-x64.runtime.native.System.Security.Cryptography.OpenSsl": "4.3.0",
          "runtime.rhel.7-x64.runtime.native.System.Security.Cryptography.OpenSsl": "4.3.0",
          "runtime.ubuntu.14.04-x64.runtime.native.System.Security.Cryptography.OpenSsl": "4.3.0",
          "runtime.ubuntu.16.04-x64.runtime.native.System.Security.Cryptography.OpenSsl": "4.3.0",
          "runtime.ubuntu.16.10-x64.runtime.native.System.Security.Cryptography.OpenSsl": "4.3.0"
        }
      },
      "runtime.opensuse.13.2-x64.runtime.native.System.Security.Cryptography.OpenSsl": {
        "type": "Transitive",
        "resolved": "4.3.0",
        "contentHash": "zWLOQ77Y4FV/6Vw2g+FYzprbQX5/xKvjoCLe4L9159Aw1bSboQoJ1KRZFNdexDooWRAIsLSdE0ZokkrVkwN8Yw=="
      },
      "runtime.opensuse.42.1-x64.runtime.native.System.Security.Cryptography.OpenSsl": {
        "type": "Transitive",
        "resolved": "4.3.0",
        "contentHash": "KeLz4HClKf+nFS7p/6Fi/CqyLXh81FpiGzcmuS8DGi9lUqSnZ6Es23/gv2O+1XVGfrbNmviF7CckBpavkBoIFQ=="
      },
      "runtime.osx.10.10-x64.runtime.native.System.Security.Cryptography.Apple": {
        "type": "Transitive",
        "resolved": "4.3.0",
        "contentHash": "NFZGZ8dFPP+Bc7pmDFETpjbfG/VOsLTVLplQSwGzf6sLZ+BVhDWv2dfEcCdbGscEV1lQmokfJQN3ehnLCk+DvQ=="
      },
      "runtime.osx.10.10-x64.runtime.native.System.Security.Cryptography.OpenSsl": {
        "type": "Transitive",
        "resolved": "4.3.0",
        "contentHash": "/p8IQT2brFMDa7BHMH71LV+w5Tb3OxoLHxhn6+MGqN5xeqhM2HRHmj+7xQGJnaRn73d7ZTvp6yRCFMvolws4wA=="
      },
      "runtime.rhel.7-x64.runtime.native.System.Security.Cryptography.OpenSsl": {
        "type": "Transitive",
        "resolved": "4.3.0",
        "contentHash": "T5NvFgmHX0WH4c7lP72krsnk+IJI10vJf2j2twGE+5QBRA4RyRAgD+ZjEgdmpLOjW4B+nZGaadewTCUcR899OQ=="
      },
      "runtime.ubuntu.14.04-x64.runtime.native.System.Security.Cryptography.OpenSsl": {
        "type": "Transitive",
        "resolved": "4.3.0",
        "contentHash": "JGc0pAWRE8lB4Ucygk2pYSKbUPLlAIq6Bczf5/WF2D/VKJEPtYlVUMxk8fbl1zRfTWzSHi+VcFZlaPlWiNxeKg=="
      },
      "runtime.ubuntu.16.04-x64.runtime.native.System.Security.Cryptography.OpenSsl": {
        "type": "Transitive",
        "resolved": "4.3.0",
        "contentHash": "YWzJvhiC+iLWI/IfpPQUIBhYnAHUFQFRDqR7VDNmPj0b3rjW7dArFqKysZ9v0iSBs9Ih4v9GasLpYCSUwADMQQ=="
      },
      "runtime.ubuntu.16.10-x64.runtime.native.System.Security.Cryptography.OpenSsl": {
        "type": "Transitive",
        "resolved": "4.3.0",
        "contentHash": "1uVTITQP8/cI6YoO6FqfW1pzP0k2TnDZ3TFD88Bu/9H7ZuTsMY9xmadbGpwPu8w8swcd1ifZJsjD9hF9O6C/tg=="
      },
      "System.AppContext": {
        "type": "Transitive",
        "resolved": "4.3.0",
        "contentHash": "A+kq2ZszO8bzg6TKod98xAIkIBlVOsXG8vFxuBz7q/dJPZRe+KouelzGEz6hLTLJpT2yQjaUWLjDT5nVJ9MG7A==",
        "dependencies": {
          "System.Runtime": "4.3.0"
        }
      },
      "System.Buffers": {
        "type": "Transitive",
        "resolved": "4.3.0",
        "contentHash": "spTqPEuX04KOPKbvijefsymxeDHQ2SlwJ/OM12fEEmMsfyDKzw9xp3wA3973S2Oe2XygWmHuAvbWh9ZVIjE+JA==",
        "dependencies": {
          "System.Diagnostics.Debug": "4.3.0",
          "System.Diagnostics.Tracing": "4.3.0",
          "System.Resources.ResourceManager": "4.3.0",
          "System.Runtime": "4.3.0",
          "System.Threading": "4.3.0"
        }
      },
      "System.Collections": {
        "type": "Transitive",
        "resolved": "4.3.0",
        "contentHash": "p0tQ392uBFrT2YQcAF920JGBmUzDVt7LTU/7x0cSPs8x4DQQLdNnKki5O1hw5qogMMmHS+s4kY2RTo4XT7odww==",
        "dependencies": {
          "Microsoft.NETCore.Platforms": "1.1.0",
          "Microsoft.NETCore.Targets": "1.1.0",
          "System.Runtime": "4.3.0"
        }
      },
      "System.Collections.Concurrent": {
        "type": "Transitive",
        "resolved": "4.3.0",
        "contentHash": "Yxl9ALCNtpPA/nOxrxcLuRPU2EIdfGBvoyYnVGd9RPQwtvh0iIwkDGX8769YN2SGffsGhbYgL6n35uB8oaL4rw==",
        "dependencies": {
          "System.Collections": "4.3.0",
          "System.Diagnostics.Debug": "4.3.0",
          "System.Diagnostics.Tracing": "4.3.0",
          "System.Globalization": "4.3.0",
          "System.Reflection": "4.3.0",
          "System.Resources.ResourceManager": "4.3.0",
          "System.Runtime": "4.3.0",
          "System.Runtime.Extensions": "4.3.0",
          "System.Threading": "4.3.0",
          "System.Threading.Tasks": "4.3.0"
        }
      },
      "System.Collections.NonGeneric": {
        "type": "Transitive",
        "resolved": "4.3.0",
        "contentHash": "prtjIEMhGUnQq6RnPEYLpFt8AtLbp9yq2zxOSrY7KJJZrw25Fi97IzBqY7iqssbM61Ek5b8f3MG/sG1N2sN5KA==",
        "dependencies": {
          "System.Diagnostics.Debug": "4.3.0",
          "System.Globalization": "4.3.0",
          "System.Resources.ResourceManager": "4.3.0",
          "System.Runtime": "4.3.0",
          "System.Runtime.Extensions": "4.3.0",
          "System.Threading": "4.3.0"
        }
      },
      "System.Collections.Specialized": {
        "type": "Transitive",
        "resolved": "4.3.0",
        "contentHash": "Epx8PoVZR0iuOnJJDzp7pWvdfMMOAvpUo95pC4ScH2mJuXkKA2Y4aR3cG9qt2klHgSons1WFh4kcGW7cSXvrxg==",
        "dependencies": {
          "System.Collections.NonGeneric": "4.3.0",
          "System.Globalization": "4.3.0",
          "System.Globalization.Extensions": "4.3.0",
          "System.Resources.ResourceManager": "4.3.0",
          "System.Runtime": "4.3.0",
          "System.Runtime.Extensions": "4.3.0",
          "System.Threading": "4.3.0"
        }
      },
      "System.ComponentModel": {
        "type": "Transitive",
        "resolved": "4.3.0",
        "contentHash": "VUwMDh15uaJmuFCI4Lv/PTA31lQR/8489ZJ0ooZymMDr0kPdWJ5T+wf4c8gO1EQatV8pNB4yBhmlbjOx9rxqZQ==",
        "dependencies": {
          "System.Runtime": "4.3.0"
        }
      },
      "System.ComponentModel.Primitives": {
        "type": "Transitive",
        "resolved": "4.3.0",
        "contentHash": "KMVuoQ+8bMQ/Z59M3s64num5AD74X5YSqVc7ibwGkPTfmmkl2W8VuSxLRJtpw4KzQrSKUgR0BLbF0adPfcTSGQ==",
        "dependencies": {
          "System.ComponentModel": "4.3.0",
          "System.Resources.ResourceManager": "4.3.0",
          "System.Runtime": "4.3.0"
        }
      },
      "System.ComponentModel.TypeConverter": {
        "type": "Transitive",
        "resolved": "4.3.0",
        "contentHash": "HZiP0DwTHJ+C+rdFqP47nBYUh5283kcwXIGY2zOVVhsJmVI/2tYiX2zNRdjRQRHsTox58Ydkec6h0pWSh8wAsw==",
        "dependencies": {
          "System.Collections": "4.3.0",
          "System.Collections.NonGeneric": "4.3.0",
          "System.Collections.Specialized": "4.3.0",
          "System.ComponentModel": "4.3.0",
          "System.ComponentModel.Primitives": "4.3.0",
          "System.Globalization": "4.3.0",
          "System.Linq": "4.3.0",
          "System.Reflection": "4.3.0",
          "System.Reflection.Extensions": "4.3.0",
          "System.Reflection.Primitives": "4.3.0",
          "System.Reflection.TypeExtensions": "4.3.0",
          "System.Resources.ResourceManager": "4.3.0",
          "System.Runtime": "4.3.0",
          "System.Runtime.Extensions": "4.3.0",
          "System.Threading": "4.3.0"
        }
      },
      "System.Console": {
        "type": "Transitive",
        "resolved": "4.3.0",
        "contentHash": "0BIAIA7y55vbl2VBj3r0GgqImfIzIaHhjovGx+HTYLLsjEpmz3yGUAjZuKQ3Q7y8Md/kL6PZJrTF0rBNzuH2UA==",
        "dependencies": {
          "Microsoft.NETCore.Platforms": "1.1.0",
          "Microsoft.NETCore.Targets": "1.1.0",
          "System.IO": "4.3.0",
          "System.Runtime": "4.3.0",
          "System.Text.Encoding": "4.3.0"
        }
      },
      "System.Diagnostics.Debug": {
        "type": "Transitive",
        "resolved": "4.3.0",
        "contentHash": "l12uu4h0sTMCN8zEUgYDEF2DzMv+yf9gcUMxLUTM6GYB7tf4j3iTrJVkLbj5vTzLCun8GvRKq4PTpNImbDBiDA==",
        "dependencies": {
          "Microsoft.NETCore.Platforms": "1.1.0",
          "Microsoft.NETCore.Targets": "1.1.0",
          "System.Runtime": "4.3.0"
        }
      },
      "System.Diagnostics.DiagnosticSource": {
        "type": "Transitive",
        "resolved": "4.3.0",
        "contentHash": "tD6kosZnTAGdrEa0tZSuFyunMbt/5KYDnHdndJYGqZoNy00XVXyACd5d6KnE1YgYv3ne2CjtAfNXo/fwEhnKUA==",
        "dependencies": {
          "System.Collections": "4.3.0",
          "System.Diagnostics.Tracing": "4.3.0",
          "System.Reflection": "4.3.0",
          "System.Runtime": "4.3.0",
          "System.Threading": "4.3.0"
        }
      },
      "System.Diagnostics.Tools": {
        "type": "Transitive",
        "resolved": "4.3.0",
        "contentHash": "gLZmU3x6yPUTF2jnKvuQM06zphwJHic/qJuI5Y3Id/82LjqzIFlUKPWOJnTmHtMBrKAsIPcV59C26NhQVNiW/w==",
        "dependencies": {
          "Microsoft.NETCore.Platforms": "1.1.0",
          "Microsoft.NETCore.Targets": "1.1.0",
          "System.Runtime": "4.3.0"
        }
      },
      "System.Diagnostics.TraceSource": {
        "type": "Transitive",
        "resolved": "4.3.0",
        "contentHash": "VnYp1NxGx8Ww731y2LJ1vpfb/DKVNKEZ8Jsh5SgQTZREL/YpWRArgh9pI8CDLmgHspZmLL697CaLvH85qQpRiw==",
        "dependencies": {
          "Microsoft.NETCore.Platforms": "1.1.0",
          "System.Collections": "4.3.0",
          "System.Diagnostics.Debug": "4.3.0",
          "System.Globalization": "4.3.0",
          "System.Resources.ResourceManager": "4.3.0",
          "System.Runtime": "4.3.0",
          "System.Runtime.Extensions": "4.3.0",
          "System.Threading": "4.3.0",
          "runtime.native.System": "4.3.0"
        }
      },
      "System.Diagnostics.Tracing": {
        "type": "Transitive",
        "resolved": "4.3.0",
        "contentHash": "OTgw1RR4Aj26QqTWdo8lRJSxdx5Dm7GR1hDRdyrtiRdqZ/d+n1zeZvtbSwPPQAn9jvGui4ZBgzyUJqNzTPrYoQ==",
        "dependencies": {
          "Microsoft.NETCore.Platforms": "1.1.0",
          "Microsoft.NETCore.Targets": "1.1.0",
          "System.Runtime": "4.3.0"
        }
      },
      "System.Dynamic.Runtime": {
        "type": "Transitive",
        "resolved": "4.3.0",
        "contentHash": "JpMxa/4DzNb+Sa0PKu5+lL2YkPZmcTP3wT4recC2z1smEo0VUG5BALeIMjHMdv9ZAE33ub4/0UwxHthTH1Hf0w==",
        "dependencies": {
          "System.Collections": "4.3.0",
          "System.Diagnostics.Debug": "4.3.0",
          "System.Linq": "4.3.0",
          "System.Linq.Expressions": "4.3.0",
          "System.ObjectModel": "4.3.0",
          "System.Reflection": "4.3.0",
          "System.Reflection.Emit": "4.3.0",
          "System.Reflection.Emit.ILGeneration": "4.3.0",
          "System.Reflection.Primitives": "4.3.0",
          "System.Reflection.TypeExtensions": "4.3.0",
          "System.Resources.ResourceManager": "4.3.0",
          "System.Runtime": "4.3.0",
          "System.Runtime.Extensions": "4.3.0",
          "System.Threading": "4.3.0"
        }
      },
      "System.Globalization": {
        "type": "Transitive",
        "resolved": "4.3.0",
        "contentHash": "3CbaP4aBqhu7yR7Q7P0qkWSCVavfZvjriGZotsQZpqQFV2dyrZVFSiubBfdzia4mtIqwbRioo6cbARZMOPQd2w==",
        "dependencies": {
          "Microsoft.NETCore.Platforms": "1.1.0",
          "Microsoft.NETCore.Targets": "1.1.0",
          "System.Runtime": "4.3.0"
        }
      },
      "System.Globalization.Calendars": {
        "type": "Transitive",
        "resolved": "4.3.0",
        "contentHash": "fxsG7li9C6WBrr7ovEPNGJfUYoNXII7FJbINXcoO+8z0fwqUQ/5GJ3uKgijVQY5MRzw/un709lKyTRljKVeivw==",
        "dependencies": {
          "Microsoft.NETCore.Platforms": "1.1.0",
          "Microsoft.NETCore.Targets": "1.1.0",
          "System.Globalization": "4.3.0",
          "System.Runtime": "4.3.0"
        }
      },
      "System.Globalization.Extensions": {
        "type": "Transitive",
        "resolved": "4.3.0",
        "contentHash": "ef3e9YCwLO6eeMPjB8h7v2CJbe73aNW+iMiaXBKC28RuDlA/uMxnBwJb6+7/hkwr49/sbwqbRxfZA6vTqMX+sA==",
        "dependencies": {
          "Microsoft.NETCore.Platforms": "1.1.0",
          "System.Globalization": "4.3.0",
          "System.Resources.ResourceManager": "4.3.0",
          "System.Runtime": "4.3.0",
          "System.Runtime.Extensions": "4.3.0",
          "System.Runtime.InteropServices": "4.3.0"
        }
      },
      "System.IO": {
        "type": "Transitive",
        "resolved": "4.3.0",
        "contentHash": "vvJdLqBfz+HESMYqTqIKZhBcexPwZ2wnTa4ryqF6j7NHlnOhPHVSgQMjddA14SrVngWfVeg/Pb/YTBYByu4vVA==",
        "dependencies": {
          "Microsoft.NETCore.Platforms": "1.1.0",
          "Microsoft.NETCore.Targets": "1.1.0",
          "System.Runtime": "4.3.0",
          "System.Text.Encoding": "4.3.0",
          "System.Threading.Tasks": "4.3.0"
        }
      },
      "System.IO.Compression": {
        "type": "Transitive",
        "resolved": "4.3.0",
        "contentHash": "VXgs8YrIQ5CmtStVqi7bFGcO/+FgtHFGQ8m2GnbKREG8cmpIZsvzGWKTd09viKBU6BXd3QKukzyg13R9N+e0Nw==",
        "dependencies": {
          "Microsoft.NETCore.Platforms": "1.1.0",
          "System.Buffers": "4.3.0",
          "System.Collections": "4.3.0",
          "System.Diagnostics.Debug": "4.3.0",
          "System.IO": "4.3.0",
          "System.Resources.ResourceManager": "4.3.0",
          "System.Runtime": "4.3.0",
          "System.Runtime.Extensions": "4.3.0",
          "System.Runtime.Handles": "4.3.0",
          "System.Runtime.InteropServices": "4.3.0",
          "System.Text.Encoding": "4.3.0",
          "System.Threading": "4.3.0",
          "System.Threading.Tasks": "4.3.0",
          "runtime.native.System": "4.3.0",
          "runtime.native.System.IO.Compression": "4.3.0"
        }
      },
      "System.IO.Compression.ZipFile": {
        "type": "Transitive",
        "resolved": "4.3.0",
        "contentHash": "6KMlpe2AWxMtl3NFTjRxLG9DaQpDGgZNLGzCQCj/vm4jP7sRr17zruo9wWxvFgtLX5+J3Bi4vIC5hntB610CkQ==",
        "dependencies": {
          "System.Buffers": "4.3.0",
          "System.IO": "4.3.0",
          "System.IO.Compression": "4.3.0",
          "System.IO.FileSystem": "4.3.0",
          "System.IO.FileSystem.Primitives": "4.3.0",
          "System.Resources.ResourceManager": "4.3.0",
          "System.Runtime": "4.3.0",
          "System.Runtime.Extensions": "4.3.0",
          "System.Text.Encoding": "4.3.0"
        }
      },
      "System.IO.FileSystem": {
        "type": "Transitive",
        "resolved": "4.3.0",
        "contentHash": "JBIRQECa2GzcMOKT+ZVnUoUfK/NAs4nHPkIONg8QtijvTNnFpe2GHZqtL6nE5q/A1eTEB14sv4e2prmzF6QsaA==",
        "dependencies": {
          "Microsoft.NETCore.Platforms": "1.1.0",
          "Microsoft.NETCore.Targets": "1.1.0",
          "System.IO": "4.3.0",
          "System.IO.FileSystem.Primitives": "4.3.0",
          "System.Runtime": "4.3.0",
          "System.Runtime.Handles": "4.3.0",
          "System.Text.Encoding": "4.3.0",
          "System.Threading.Tasks": "4.3.0"
        }
      },
      "System.IO.FileSystem.Primitives": {
        "type": "Transitive",
        "resolved": "4.3.0",
        "contentHash": "blJSU3CBI7eTFJTlg1UAd+FEFWkmRX/J1CK9UMQe0UMfoaQFOgwJlBeI65kjCmmOIa4fjQD+WXPHOsOwO06jFg==",
        "dependencies": {
          "System.Runtime": "4.3.0"
        }
      },
      "System.Linq": {
        "type": "Transitive",
        "resolved": "4.3.0",
        "contentHash": "6c2Gbo003pxnj1nKau6L6pjRYMXg4Ftya+vz6TVBQvphcaHmHK/nuXK6ndXl4U4UbvHxtOUVn7nL7uqevIK/hA==",
        "dependencies": {
          "System.Collections": "4.3.0",
          "System.Diagnostics.Debug": "4.3.0",
          "System.Resources.ResourceManager": "4.3.0",
          "System.Runtime": "4.3.0",
          "System.Runtime.Extensions": "4.3.0"
        }
      },
      "System.Linq.Expressions": {
        "type": "Transitive",
        "resolved": "4.3.0",
        "contentHash": "bqfbeOe2nb/uiKH7h5xDkrbkT7COnY7t6Yy8jtcrSNjt1ErP3MP1VvH6snUpJBVCi2iApH1/KZqrA5ACJQ3BMQ==",
        "dependencies": {
          "System.Collections": "4.3.0",
          "System.Diagnostics.Debug": "4.3.0",
          "System.Globalization": "4.3.0",
          "System.IO": "4.3.0",
          "System.Linq": "4.3.0",
          "System.ObjectModel": "4.3.0",
          "System.Reflection": "4.3.0",
          "System.Reflection.Emit": "4.3.0",
          "System.Reflection.Emit.ILGeneration": "4.3.0",
          "System.Reflection.Emit.Lightweight": "4.3.0",
          "System.Reflection.Extensions": "4.3.0",
          "System.Reflection.Primitives": "4.3.0",
          "System.Reflection.TypeExtensions": "4.3.0",
          "System.Resources.ResourceManager": "4.3.0",
          "System.Runtime": "4.3.0",
          "System.Runtime.Extensions": "4.3.0",
          "System.Threading": "4.3.0"
        }
      },
      "System.Net.Http": {
        "type": "Transitive",
        "resolved": "4.3.0",
        "contentHash": "sYg+FtILtRQuYWSIAuNOELwVuVsxVyJGWQyOnlAzhV4xvhyFnON1bAzYYC+jjRW8JREM45R0R5Dgi8MTC5sEwA==",
        "dependencies": {
          "Microsoft.NETCore.Platforms": "1.1.0",
          "System.Collections": "4.3.0",
          "System.Diagnostics.Debug": "4.3.0",
          "System.Diagnostics.DiagnosticSource": "4.3.0",
          "System.Diagnostics.Tracing": "4.3.0",
          "System.Globalization": "4.3.0",
          "System.Globalization.Extensions": "4.3.0",
          "System.IO": "4.3.0",
          "System.IO.FileSystem": "4.3.0",
          "System.Net.Primitives": "4.3.0",
          "System.Resources.ResourceManager": "4.3.0",
          "System.Runtime": "4.3.0",
          "System.Runtime.Extensions": "4.3.0",
          "System.Runtime.Handles": "4.3.0",
          "System.Runtime.InteropServices": "4.3.0",
          "System.Security.Cryptography.Algorithms": "4.3.0",
          "System.Security.Cryptography.Encoding": "4.3.0",
          "System.Security.Cryptography.OpenSsl": "4.3.0",
          "System.Security.Cryptography.Primitives": "4.3.0",
          "System.Security.Cryptography.X509Certificates": "4.3.0",
          "System.Text.Encoding": "4.3.0",
          "System.Threading": "4.3.0",
          "System.Threading.Tasks": "4.3.0",
          "runtime.native.System": "4.3.0",
          "runtime.native.System.Net.Http": "4.3.0",
          "runtime.native.System.Security.Cryptography.OpenSsl": "4.3.0"
        }
      },
      "System.Net.Primitives": {
        "type": "Transitive",
        "resolved": "4.3.0",
        "contentHash": "gJ9QsKt8ePnpGV7WNAcwhu5AySuVbQ0jWqDRuPuUSF4OllhR8xx4LEegcP98NyxuKECL/TxnUkIvQworRPPKYg==",
        "dependencies": {
          "Microsoft.NETCore.Platforms": "1.1.0",
          "Microsoft.NETCore.Targets": "1.1.0",
          "System.Runtime": "4.3.0",
          "System.Runtime.Handles": "4.3.0"
        }
      },
      "System.Net.Sockets": {
        "type": "Transitive",
        "resolved": "4.3.0",
        "contentHash": "ttIWq7syTY40wuF8+1/p614qrVqg1NSDEW7+q2yvX7NkRyfag328q8FqZCDSgTp25veOrXp7cCOrRHgDWHe43w==",
        "dependencies": {
          "Microsoft.NETCore.Platforms": "1.1.0",
          "Microsoft.NETCore.Targets": "1.1.0",
          "System.IO": "4.3.0",
          "System.Net.Primitives": "4.3.0",
          "System.Runtime": "4.3.0",
          "System.Threading.Tasks": "4.3.0"
        }
      },
      "System.ObjectModel": {
        "type": "Transitive",
        "resolved": "4.3.0",
        "contentHash": "UKMqQjitukIzPrYm0bhVPj9ULlCf3SMGH0Yv1AL/Jsi/mVvOuVxNdzFGrGyreJIgnrw8LQCmjQL3yE6A0S9hiQ==",
        "dependencies": {
          "System.Collections": "4.3.0",
          "System.Diagnostics.Debug": "4.3.0",
          "System.Resources.ResourceManager": "4.3.0",
          "System.Runtime": "4.3.0",
          "System.Threading": "4.3.0"
        }
      },
      "System.Reflection": {
        "type": "Transitive",
        "resolved": "4.3.0",
        "contentHash": "I7Azu2empOxatvzA1VDal7en3Gwh1XzG+FqCz7bUn1LtojBz/JQBaSxK6e8FwGODLGSOll9qD56PDhBbm+ZHvA==",
        "dependencies": {
          "Microsoft.NETCore.Platforms": "1.1.0",
          "Microsoft.NETCore.Targets": "1.1.0",
          "System.IO": "4.3.0",
          "System.Reflection.Primitives": "4.3.0",
          "System.Runtime": "4.3.0"
        }
      },
      "System.Reflection.Emit": {
        "type": "Transitive",
        "resolved": "4.3.0",
        "contentHash": "7N78PIgEmIa/wrrL7zg9n0dersv59R7NzASPi3HQQdVYymk64ufL6qNDhhAN83qk9zTYQl5cv25rUPBqLQlSkw==",
        "dependencies": {
          "System.IO": "4.3.0",
          "System.Reflection": "4.3.0",
          "System.Reflection.Emit.ILGeneration": "4.3.0",
          "System.Reflection.Primitives": "4.3.0",
          "System.Runtime": "4.3.0"
        }
      },
      "System.Reflection.Emit.ILGeneration": {
        "type": "Transitive",
        "resolved": "4.3.0",
        "contentHash": "Xc6rQUxB/BtDJqa0xGzBQFF+sxMWcEBeZnLUhlux0FZzxE+JnNWogGZcxFwtpPNCgCNzkO3FcaZvlQBzRtoqoA==",
        "dependencies": {
          "System.Reflection": "4.3.0",
          "System.Reflection.Primitives": "4.3.0",
          "System.Runtime": "4.3.0"
        }
      },
      "System.Reflection.Emit.Lightweight": {
        "type": "Transitive",
        "resolved": "4.3.0",
        "contentHash": "dA/m7XsonO8SYQhGTWRjTBdI6BG84XW1f6bMpHuOwlVp2LYnxGUehpKWFDDBFrss3baEy0916hCpCdMlzEvS2w==",
        "dependencies": {
          "System.Reflection": "4.3.0",
          "System.Reflection.Emit.ILGeneration": "4.3.0",
          "System.Reflection.Primitives": "4.3.0",
          "System.Runtime": "4.3.0"
        }
      },
      "System.Reflection.Extensions": {
        "type": "Transitive",
        "resolved": "4.3.0",
        "contentHash": "9bVRwe7SQMpNEK1dXo6DGeyfv616GFL0Rfh/sagQlK96cJL42Ne1QD6qAe+05ZxwQWQw9cUzkJEGC6dBhKjbbw==",
        "dependencies": {
          "Microsoft.NETCore.Platforms": "1.1.0",
          "Microsoft.NETCore.Targets": "1.1.0",
          "System.Reflection": "4.3.0",
          "System.Runtime": "4.3.0"
        }
      },
      "System.Reflection.Primitives": {
        "type": "Transitive",
        "resolved": "4.3.0",
        "contentHash": "b+Vj56IctlOIznDdSN5yexYretBAoGinuyNyJYNAy9DcS3oQRpgEQ3sNSyCkhpSG/enzPe/3skpsg1+ZvvQVJA==",
        "dependencies": {
          "Microsoft.NETCore.Platforms": "1.1.0",
          "Microsoft.NETCore.Targets": "1.1.0",
          "System.Runtime": "4.3.0"
        }
      },
      "System.Reflection.TypeExtensions": {
        "type": "Transitive",
        "resolved": "4.3.0",
        "contentHash": "7u6ulLcZbyxB5Gq0nMkQttcdBTx57ibzw+4IOXEfR+sXYQoHvjW5LTLyNr8O22UIMrqYbchJQJnos4eooYzYJA==",
        "dependencies": {
          "System.Reflection": "4.3.0",
          "System.Runtime": "4.3.0"
        }
      },
      "System.Resources.ResourceManager": {
        "type": "Transitive",
        "resolved": "4.3.0",
        "contentHash": "gxOjm7r12KqYAA3f5fSk+TqzRuFc5H9jIeJobbrSAbJt45IGfV63pBJWoXWIRmzhnx7uiN49RjddEq0gZWMa8w==",
        "dependencies": {
          "Microsoft.NETCore.Platforms": "1.1.0",
          "Microsoft.NETCore.Targets": "1.1.0",
          "System.Globalization": "4.3.0",
          "System.Reflection": "4.3.0",
          "System.Runtime": "4.3.0"
        }
      },
      "System.Runtime": {
        "type": "Transitive",
        "resolved": "4.3.0",
        "contentHash": "Laq+8VRKvTCigYoNIreuMiKN2a+ypM2JJVr9n80MkRmMTfkuH74Lbp+d/Z702Lp/NEhb9Eo2d4KbVRyWhXpIkQ==",
        "dependencies": {
          "Microsoft.NETCore.Platforms": "1.1.0",
          "Microsoft.NETCore.Targets": "1.1.0"
        }
      },
      "System.Runtime.Extensions": {
        "type": "Transitive",
        "resolved": "4.3.0",
        "contentHash": "Swlzko0twouGo5SXnEcuJ2bWPMRpGzm+2XuqPTmxLQ25tGS0pmY6axDpGC+hIgsh5cq1fItEqd0g6Vs2qYa5lQ==",
        "dependencies": {
          "Microsoft.NETCore.Platforms": "1.1.0",
          "Microsoft.NETCore.Targets": "1.1.0",
          "System.Runtime": "4.3.0"
        }
      },
      "System.Runtime.Handles": {
        "type": "Transitive",
        "resolved": "4.3.0",
        "contentHash": "ntm18TybN0WKLWd7VpaylNyIsEReGE4Q5upO49hVmYNA7LhnbgFRii6O0VKXMNb+Mq2mO/Pq+k0qY1fBfkqy4g==",
        "dependencies": {
          "Microsoft.NETCore.Platforms": "1.1.0",
          "Microsoft.NETCore.Targets": "1.1.0",
          "System.Runtime": "4.3.0"
        }
      },
      "System.Runtime.InteropServices": {
        "type": "Transitive",
        "resolved": "4.3.0",
        "contentHash": "WvGkvbA7++UIxD48eDqLL9jXG2LyZT2BoHHhzYzeJefWH3UkbkxswfEJAVziBeieyCjJ/myK7QGWy4y3Q/doew==",
        "dependencies": {
          "Microsoft.NETCore.Platforms": "1.1.0",
          "Microsoft.NETCore.Targets": "1.1.0",
          "System.Reflection": "4.3.0",
          "System.Reflection.Primitives": "4.3.0",
          "System.Runtime": "4.3.0",
          "System.Runtime.Handles": "4.3.0"
        }
      },
      "System.Runtime.InteropServices.RuntimeInformation": {
        "type": "Transitive",
        "resolved": "4.3.0",
        "contentHash": "0niJZdiscYDdaT1Q54sRUArQNk4KRHLebkUpswz4xgLxMrBtNSHT11x5PrP7bsBYA7wly7pilVNr5tKKJkbsag==",
        "dependencies": {
          "System.Reflection": "4.3.0",
          "System.Reflection.Extensions": "4.3.0",
          "System.Resources.ResourceManager": "4.3.0",
          "System.Runtime": "4.3.0",
          "System.Runtime.InteropServices": "4.3.0",
          "System.Threading": "4.3.0",
          "runtime.native.System": "4.3.0"
        }
      },
      "System.Runtime.Numerics": {
        "type": "Transitive",
        "resolved": "4.3.0",
        "contentHash": "LZCcK16scOT5UgWNMI93VMMqitrWX4Sg2Tt+Y0utousj4Si+nWNtkyihlToTd/eK4woH8G2JCv1tWOVuLyDS2w==",
        "dependencies": {
          "System.Globalization": "4.3.0",
          "System.Resources.ResourceManager": "4.3.0",
          "System.Runtime": "4.3.0",
          "System.Runtime.Extensions": "4.3.0"
        }
      },
      "System.Security.Cryptography.Algorithms": {
        "type": "Transitive",
        "resolved": "4.3.0",
        "contentHash": "CeDmwI9nXzl3DfnPr+0gz3k6Y3nx5WtUrSIRi+2ZX7BVCJ2uV50dmLx7oEjcT+B5mECBn6B+vSBVNA1SF2ESjQ==",
        "dependencies": {
          "Microsoft.NETCore.Platforms": "1.1.0",
          "System.Collections": "4.3.0",
          "System.IO": "4.3.0",
          "System.Resources.ResourceManager": "4.3.0",
          "System.Runtime": "4.3.0",
          "System.Runtime.Extensions": "4.3.0",
          "System.Runtime.Handles": "4.3.0",
          "System.Runtime.InteropServices": "4.3.0",
          "System.Runtime.Numerics": "4.3.0",
          "System.Security.Cryptography.Encoding": "4.3.0",
          "System.Security.Cryptography.Primitives": "4.3.0",
          "System.Text.Encoding": "4.3.0",
          "runtime.native.System.Security.Cryptography.Apple": "4.3.0",
          "runtime.native.System.Security.Cryptography.OpenSsl": "4.3.0"
        }
      },
      "System.Security.Cryptography.Cng": {
        "type": "Transitive",
        "resolved": "4.3.0",
        "contentHash": "tkjAtaAugde7In/xYunEzUbDX3rCNttL1gV7wAifeZHc5VQrDIKvJE2vVB+yNuCQoIqMcnxWqd6Zr+zMcOvvmA==",
        "dependencies": {
          "Microsoft.NETCore.Platforms": "1.1.0",
          "System.IO": "4.3.0",
          "System.Resources.ResourceManager": "4.3.0",
          "System.Runtime": "4.3.0",
          "System.Runtime.Extensions": "4.3.0",
          "System.Runtime.Handles": "4.3.0",
          "System.Runtime.InteropServices": "4.3.0",
          "System.Security.Cryptography.Algorithms": "4.3.0",
          "System.Security.Cryptography.Encoding": "4.3.0",
          "System.Security.Cryptography.Primitives": "4.3.0",
          "System.Text.Encoding": "4.3.0"
        }
      },
      "System.Security.Cryptography.Csp": {
        "type": "Transitive",
        "resolved": "4.3.0",
        "contentHash": "rh6xbt19P2gKAKpB9WUkKOloMJ01ATsv4J4KaNABc8pV09ND+vygtTSvwryRCgP8SK6oTUcRH3Q8AALWPGr93w==",
        "dependencies": {
          "Microsoft.NETCore.Platforms": "1.1.0",
          "System.IO": "4.3.0",
          "System.Reflection": "4.3.0",
          "System.Resources.ResourceManager": "4.3.0",
          "System.Runtime": "4.3.0",
          "System.Runtime.Extensions": "4.3.0",
          "System.Runtime.Handles": "4.3.0",
          "System.Runtime.InteropServices": "4.3.0",
          "System.Security.Cryptography.Algorithms": "4.3.0",
          "System.Security.Cryptography.Encoding": "4.3.0",
          "System.Security.Cryptography.Primitives": "4.3.0",
          "System.Text.Encoding": "4.3.0",
          "System.Threading": "4.3.0"
        }
      },
      "System.Security.Cryptography.Encoding": {
        "type": "Transitive",
        "resolved": "4.3.0",
        "contentHash": "F0BUqSRxkw8rOfMI48AMJxKkpsrQVaygWcNYLKTfUIF01jFUpGuGfdtRuVCYkyQvPAOWShtnZ9cDNheJ+yQk0Q==",
        "dependencies": {
          "Microsoft.NETCore.Platforms": "1.1.0",
          "System.Collections": "4.3.0",
          "System.Collections.Concurrent": "4.3.0",
          "System.Linq": "4.3.0",
          "System.Resources.ResourceManager": "4.3.0",
          "System.Runtime": "4.3.0",
          "System.Runtime.Extensions": "4.3.0",
          "System.Runtime.Handles": "4.3.0",
          "System.Runtime.InteropServices": "4.3.0",
          "System.Security.Cryptography.Primitives": "4.3.0",
          "System.Text.Encoding": "4.3.0",
          "runtime.native.System.Security.Cryptography.OpenSsl": "4.3.0"
        }
      },
      "System.Security.Cryptography.OpenSsl": {
        "type": "Transitive",
        "resolved": "4.3.0",
        "contentHash": "U0bcfqSoXIG08OSwfl0Rzc2fOW7WgVPOgsgkloWYyX3kLR/+Ohlpa3gnHXX4sQa4W9t9WcA+eSOfeLKT+ghhyw==",
        "dependencies": {
          "System.Collections": "4.3.0",
          "System.IO": "4.3.0",
          "System.Resources.ResourceManager": "4.3.0",
          "System.Runtime": "4.3.0",
          "System.Runtime.Extensions": "4.3.0",
          "System.Runtime.Handles": "4.3.0",
          "System.Runtime.InteropServices": "4.3.0",
          "System.Runtime.Numerics": "4.3.0",
          "System.Security.Cryptography.Algorithms": "4.3.0",
          "System.Security.Cryptography.Encoding": "4.3.0",
          "System.Security.Cryptography.Primitives": "4.3.0",
          "System.Text.Encoding": "4.3.0",
          "runtime.native.System.Security.Cryptography.OpenSsl": "4.3.0"
        }
      },
      "System.Security.Cryptography.Primitives": {
        "type": "Transitive",
        "resolved": "4.3.0",
        "contentHash": "sKa2n0h1VkaRT/VS3GpWcDGw6qNZQua6lObe1YYqkecN5OffPAZt1j+WfckaPD8aAzWG/Tn+mV/dG0w1W4Obew==",
        "dependencies": {
          "System.Diagnostics.Debug": "4.3.0",
          "System.Globalization": "4.3.0",
          "System.IO": "4.3.0",
          "System.Resources.ResourceManager": "4.3.0",
          "System.Runtime": "4.3.0",
          "System.Threading": "4.3.0",
          "System.Threading.Tasks": "4.3.0"
        }
      },
      "System.Security.Cryptography.X509Certificates": {
        "type": "Transitive",
        "resolved": "4.3.0",
        "contentHash": "JaddR7N8GSGTVaxu6GGb6leJ1ja49akXSItDaBEo7Ado5e62jiIdfOt/jHgF3eyuSpDX024PRhd3KH4OBXbAeA==",
        "dependencies": {
          "Microsoft.NETCore.Platforms": "1.1.0",
          "System.Collections": "4.3.0",
          "System.Diagnostics.Debug": "4.3.0",
          "System.Globalization": "4.3.0",
          "System.Globalization.Calendars": "4.3.0",
          "System.IO": "4.3.0",
          "System.IO.FileSystem": "4.3.0",
          "System.IO.FileSystem.Primitives": "4.3.0",
          "System.Resources.ResourceManager": "4.3.0",
          "System.Runtime": "4.3.0",
          "System.Runtime.Extensions": "4.3.0",
          "System.Runtime.Handles": "4.3.0",
          "System.Runtime.InteropServices": "4.3.0",
          "System.Runtime.Numerics": "4.3.0",
          "System.Security.Cryptography.Algorithms": "4.3.0",
          "System.Security.Cryptography.Cng": "4.3.0",
          "System.Security.Cryptography.Csp": "4.3.0",
          "System.Security.Cryptography.Encoding": "4.3.0",
          "System.Security.Cryptography.OpenSsl": "4.3.0",
          "System.Security.Cryptography.Primitives": "4.3.0",
          "System.Text.Encoding": "4.3.0",
          "System.Threading": "4.3.0",
          "runtime.native.System": "4.3.0",
          "runtime.native.System.Net.Http": "4.3.0",
          "runtime.native.System.Security.Cryptography.OpenSsl": "4.3.0"
        }
      },
      "System.Text.Encoding": {
        "type": "Transitive",
        "resolved": "4.3.0",
        "contentHash": "lk30wxvxp6Y9aPYi+kzhqGH7AWmi233AXOhyVLMcHQ7xwXa9ldEaRGM9tiKZyLVrRyhMx8YnyOS0KJrI9uylgg==",
        "dependencies": {
          "Microsoft.NETCore.Platforms": "1.1.0",
          "Microsoft.NETCore.Targets": "1.1.0",
          "System.Runtime": "4.3.0"
        }
      },
      "System.Text.Encoding.Extensions": {
        "type": "Transitive",
        "resolved": "4.3.0",
        "contentHash": "m+ROgo5MzW7nQ/ZkmhhvHZIg1y9bLeGkfaH3XYwylZaAGDjwWPUs3ROTnl6PLJKzLoR1yU81MYxDZGQ4v3n+FA==",
        "dependencies": {
          "Microsoft.NETCore.Platforms": "1.1.0",
          "Microsoft.NETCore.Targets": "1.1.0",
          "System.Runtime": "4.3.0",
          "System.Text.Encoding": "4.3.0"
        }
      },
      "System.Text.RegularExpressions": {
        "type": "Transitive",
        "resolved": "4.3.0",
        "contentHash": "hNDXGfzwumgpAmePH7LYh1pE9QibfrkSy83JXBIJmdmO0qEg5NeZhOHkycMFqIUuTZ63dUjuM3my18sqzXJIMg==",
        "dependencies": {
          "System.Runtime": "4.3.0"
        }
      },
      "System.Threading": {
        "type": "Transitive",
        "resolved": "4.3.0",
        "contentHash": "hXzP/7sW3HDBXr0SO9JOKrLCWdc0ViihNbdAjvxNc6s0BXZQ7+FMcaIHEmcZX0YeCpa8kyuDUxDhjBD4bK2Qmw==",
        "dependencies": {
          "System.Runtime": "4.3.0",
          "System.Threading.Tasks": "4.3.0"
        }
      },
      "System.Threading.Tasks": {
        "type": "Transitive",
        "resolved": "4.3.0",
        "contentHash": "Rvy22TeXDeK7FQCL1H/MoqH2N+DU0VEywcauM6bGgu04vvUUtOHyub7l4eRQg2bgRNkk4YvUtSSFgLudy+EEMg==",
        "dependencies": {
          "Microsoft.NETCore.Platforms": "1.1.0",
          "Microsoft.NETCore.Targets": "1.1.0",
          "System.Runtime": "4.3.0"
        }
      },
      "System.Threading.Tasks.Extensions": {
        "type": "Transitive",
        "resolved": "4.5.1",
        "contentHash": "WSKUTtLhPR8gllzIWO2x6l4lmAIfbyMAiTlyXAis4QBDonXK4b4S6F8zGARX4/P8wH3DH+sLdhamCiHn+fTU1A=="
      },
      "System.Threading.Timer": {
        "type": "Transitive",
        "resolved": "4.3.0",
        "contentHash": "7pJUFOidzlWiLQXTgTLRvfIVJoIZpBEmNPrT4LFTM3P3YYeREcq3nv9Rt/ZMDTatKflj7xJaFQiFWtUGvVTaUg==",
        "dependencies": {
          "Microsoft.NETCore.Platforms": "1.1.0",
          "Microsoft.NETCore.Targets": "1.1.0",
          "System.Runtime": "4.3.0"
        }
      },
      "System.Xml.ReaderWriter": {
        "type": "Transitive",
        "resolved": "4.3.0",
        "contentHash": "Xz9Emcwltc0PCFhTeIaFuAqoZ88tHDKfeAteopdTgPcjOQUfxM6SnLFKgsJesjjmB1sblpOVzfmK71hSX7dOzw==",
        "dependencies": {
          "System.Collections": "4.3.0",
          "System.Diagnostics.Debug": "4.3.0",
          "System.Globalization": "4.3.0",
          "System.IO": "4.3.0",
          "System.IO.FileSystem": "4.3.0",
          "System.IO.FileSystem.Primitives": "4.3.0",
          "System.Resources.ResourceManager": "4.3.0",
          "System.Runtime": "4.3.0",
          "System.Runtime.Extensions": "4.3.0",
          "System.Runtime.InteropServices": "4.3.0",
          "System.Text.Encoding": "4.3.0",
          "System.Text.Encoding.Extensions": "4.3.0",
          "System.Text.RegularExpressions": "4.3.0",
          "System.Threading.Tasks": "4.3.0",
          "System.Threading.Tasks.Extensions": "4.3.0"
        }
      },
      "System.Xml.XDocument": {
        "type": "Transitive",
        "resolved": "4.3.0",
        "contentHash": "C3+i1/BIfVanHsotgCeQC+4y7RQLm7J3CIc4CWzYLeR7D7MRB7Luodp+JDkoBwJnFaSWUH/BF0oSDeSjQrn8KQ==",
        "dependencies": {
          "System.Collections": "4.3.0",
          "System.Diagnostics.Debug": "4.3.0",
          "System.Diagnostics.Tools": "4.3.0",
          "System.Globalization": "4.3.0",
          "System.IO": "4.3.0",
          "System.Reflection": "4.3.0",
          "System.Resources.ResourceManager": "4.3.0",
          "System.Runtime": "4.3.0",
          "System.Runtime.Extensions": "4.3.0",
          "System.Text.Encoding": "4.3.0",
          "System.Threading": "4.3.0",
          "System.Xml.ReaderWriter": "4.3.0"
        }
      },
      "System.Xml.XmlDocument": {
        "type": "Transitive",
        "resolved": "4.3.0",
        "contentHash": "lJ8AxvkX7GQxpC6GFCeBj8ThYVyQczx2+f/cWHJU8tjS7YfI6Cv6bon70jVEgs2CiFbmmM8b9j1oZVx0dSI2Ww==",
        "dependencies": {
          "System.Collections": "4.3.0",
          "System.Diagnostics.Debug": "4.3.0",
          "System.Globalization": "4.3.0",
          "System.IO": "4.3.0",
          "System.Resources.ResourceManager": "4.3.0",
          "System.Runtime": "4.3.0",
          "System.Runtime.Extensions": "4.3.0",
          "System.Text.Encoding": "4.3.0",
          "System.Threading": "4.3.0",
          "System.Xml.ReaderWriter": "4.3.0"
        }
      },
      "xunit.abstractions": {
        "type": "Transitive",
        "resolved": "2.0.3",
        "contentHash": "pot1I4YOxlWjIb5jmwvvQNbTrZ3lJQ+jUGkGjWE3hEFM0l5gOnBWS+H3qsex68s5cO52g+44vpGzhAt+42vwKg=="
      },
      "xunit.analyzers": {
        "type": "Transitive",
        "resolved": "0.10.0",
        "contentHash": "4/IDFCJfIeg6bix9apmUtIMwvOsiwqdEexeO/R2D4GReIGPLIRODTpId/l4LRSrAJk9lEO3Zx1H0Zx6uohJDNg=="
      },
      "xunit.assert": {
        "type": "Transitive",
        "resolved": "2.4.1",
        "contentHash": "O/Oe0BS5RmSsM+LQOb041TzuPo5MdH2Rov+qXGS37X+KFG1Hxz7kopYklM5+1Y+tRGeXrOx5+Xne1RuqLFQoyQ==",
        "dependencies": {
          "NETStandard.Library": "1.6.1"
        }
      },
      "xunit.core": {
        "type": "Transitive",
        "resolved": "2.4.1",
        "contentHash": "Zsj5OMU6JasNGERXZy8s72+pcheG6Q15atS5XpZXqAtULuyQiQ6XNnUsp1gyfC6WgqScqMvySiEHmHcOG6Eg0Q==",
        "dependencies": {
          "xunit.extensibility.core": "[2.4.1]",
          "xunit.extensibility.execution": "[2.4.1]"
        }
      },
      "xunit.extensibility.core": {
        "type": "Transitive",
        "resolved": "2.4.1",
        "contentHash": "yKZKm/8QNZnBnGZFD9SewkllHBiK0DThybQD/G4PiAmQjKtEZyHi6ET70QPU9KtSMJGRYS6Syk7EyR2EVDU4Kg==",
        "dependencies": {
          "NETStandard.Library": "1.6.1",
          "xunit.abstractions": "2.0.3"
        }
      },
      "xunit.extensibility.execution": {
        "type": "Transitive",
        "resolved": "2.4.1",
        "contentHash": "7e/1jqBpcb7frLkB6XDrHCGXAbKN4Rtdb88epYxCSRQuZDRW8UtTfdTEVpdTl8s4T56e07hOBVd4G0OdCxIY2A==",
        "dependencies": {
          "NETStandard.Library": "1.6.1",
          "xunit.extensibility.core": "[2.4.1]"
        }
      },
      "schema.net": {
        "type": "Project",
        "dependencies": {
          "Newtonsoft.Json": "12.0.2"
        }
      }
    }
  }
}